<?xml version="1.0" encoding="utf-8"?>
<Project ToolsVersion="4.0" xmlns="http://schemas.microsoft.com/developer/msbuild/2003">
  <ItemGroup>
    <ClCompile Include="..\src\ofxCvGui\Panels\BaseImage.cpp">
      <Filter>src\Panels</Filter>
    </ClCompile>
    <ClCompile Include="..\src\ofxCvGui\Panels\Draws.cpp">
      <Filter>src\Panels</Filter>
    </ClCompile>
    <ClCompile Include="..\src\ofxCvGui\Panels\Text.cpp">
      <Filter>src\Panels</Filter>
    </ClCompile>
    <ClCompile Include="..\src\ofxCvGui\Panels\Instructions.cpp">
      <Filter>src\Panels</Filter>
    </ClCompile>
    <ClCompile Include="..\src\ofxCvGui\Panels\Base.cpp">
      <Filter>src\Panels</Filter>
    </ClCompile>
    <ClCompile Include="..\src\ofxCvGui\Panels\Groups\Grid.cpp">
      <Filter>src\Panels\Groups</Filter>
    </ClCompile>
    <ClCompile Include="..\src\ofxCvGui\Panels\Pixels.cpp">
      <Filter>src\Panels</Filter>
    </ClCompile>
    <ClCompile Include="..\src\ofxCvGui\Panels\PixelsVector.cpp">
      <Filter>src\Panels</Filter>
    </ClCompile>
    <ClCompile Include="..\src\ofxCvGui\Builder.cpp">
      <Filter>src</Filter>
    </ClCompile>
    <ClCompile Include="..\src\ofxCvGui\Controller.cpp">
      <Filter>src</Filter>
    </ClCompile>
    <ClCompile Include="..\src\ofxCvGui\Element.cpp">
      <Filter>src</Filter>
    </ClCompile>
    <ClCompile Include="..\src\ofxCvGui\ElementGroup.cpp">
      <Filter>src</Filter>
    </ClCompile>
    <ClCompile Include="..\src\ofxCvGui\Types.cpp">
      <Filter>src</Filter>
    </ClCompile>
    <ClCompile Include="..\src\ofxCvGui\Panels\Image.cpp">
      <Filter>src\Panels</Filter>
    </ClCompile>
    <ClCompile Include="..\..\ofxGrabCam\src\ofxGrabCam.cpp">
      <Filter>addons\ofxGrabcam\src</Filter>
    </ClCompile>
    <ClCompile Include="..\src\ofxCvGui\Widgets\Slider.cpp">
      <Filter>src\Widgets</Filter>
    </ClCompile>
    <ClCompile Include="..\src\ofxCvGui\Panels\ElementHost.cpp">
      <Filter>src\Panels</Filter>
    </ClCompile>
    <ClCompile Include="..\src\ofxCvGui\Panels\Scroll.cpp">
      <Filter>src\Panels</Filter>
    </ClCompile>
    <ClCompile Include="..\src\ofxCvGui\Utils\Button.cpp">
      <Filter>src\Utils</Filter>
    </ClCompile>
    <ClCompile Include="..\..\ofxAssets\src\ofxAssets.cpp">
      <Filter>addons\ofxAssets\src</Filter>
    </ClCompile>
    <ClCompile Include="..\src\ofxCvGui\Utils\Utils.cpp">
      <Filter>src\Utils</Filter>
    </ClCompile>
    <ClCompile Include="..\src\ofxCvGui\Utils\Constants.cpp">
      <Filter>src\Utils</Filter>
    </ClCompile>
    <ClCompile Include="..\src\ofxCvGui\Widgets\Spacer.cpp">
      <Filter>src\Widgets</Filter>
    </ClCompile>
    <ClCompile Include="..\src\ofxCvGui\Panels\World.cpp">
      <Filter>src\Panels</Filter>
    </ClCompile>
    <ClCompile Include="..\src\ofxCvGui\Panels\Inspector.cpp">
      <Filter>src\Panels</Filter>
    </ClCompile>
    <ClCompile Include="..\src\ofxCvGui\Widgets\Title.cpp">
      <Filter>src\Widgets</Filter>
    </ClCompile>
  </ItemGroup>
  <ItemGroup>
    <ClInclude Include="..\src\ofxCvGui.h" />
    <ClInclude Include="..\src\ofxCvGui\Panels\Groups\Base.h">
      <Filter>src\Panels\Groups</Filter>
    </ClInclude>
    <ClInclude Include="..\src\ofxCvGui\Panels\BaseImage.h">
      <Filter>src\Panels</Filter>
    </ClInclude>
    <ClInclude Include="..\src\ofxCvGui\Panels\Draws.h">
      <Filter>src\Panels</Filter>
    </ClInclude>
    <ClInclude Include="..\src\ofxCvGui\Panels\Text.h">
      <Filter>src\Panels</Filter>
    </ClInclude>
    <ClInclude Include="..\src\ofxCvGui\Panels\Instructions.h">
      <Filter>src\Panels</Filter>
    </ClInclude>
    <ClInclude Include="..\src\ofxCvGui\Panels\Base.h">
      <Filter>src\Panels</Filter>
    </ClInclude>
    <ClInclude Include="..\src\ofxCvGui\Panels\Groups\Grid.h">
      <Filter>src\Panels\Groups</Filter>
    </ClInclude>
    <ClInclude Include="..\src\ofxCvGui\Panels\PixelsVector.h">
      <Filter>src\Panels</Filter>
    </ClInclude>
    <ClInclude Include="..\src\ofxCvGui\Panels\Pixels.h">
      <Filter>src\Panels</Filter>
    </ClInclude>
    <ClInclude Include="..\src\ofxCvGui\Types.h">
      <Filter>src</Filter>
    </ClInclude>
    <ClInclude Include="..\src\ofxCvGui\Builder.h">
      <Filter>src</Filter>
    </ClInclude>
    <ClInclude Include="..\src\ofxCvGui\Controller.h">
      <Filter>src</Filter>
    </ClInclude>
    <ClInclude Include="..\src\ofxCvGui\Element.h">
      <Filter>src</Filter>
    </ClInclude>
    <ClInclude Include="..\src\ofxCvGui\ElementGroup.h">
      <Filter>src</Filter>
    </ClInclude>
    <ClInclude Include="..\src\ofxCvGui\Panels\Image.h">
      <Filter>src\Panels</Filter>
    </ClInclude>
    <ClInclude Include="..\..\ofxGrabCam\src\ofxGrabCam.h">
      <Filter>addons\ofxGrabcam\src</Filter>
    </ClInclude>
    <ClInclude Include="..\src\ofxCvGui\Widgets\Slider.h">
      <Filter>src\Widgets</Filter>
    </ClInclude>
    <ClInclude Include="..\..\ofxLiquidEvent\src\ofxLiquidEvent.h">
      <Filter>addons\ofxLiquidEvent\src</Filter>
    </ClInclude>
    <ClInclude Include="..\src\ofxCvGui\Panels\ElementHost.h">
      <Filter>src\Panels</Filter>
    </ClInclude>
    <ClInclude Include="..\src\ofxCvGui\Panels\Scroll.h">
      <Filter>src\Panels</Filter>
    </ClInclude>
    <ClInclude Include="..\src\ofxCvGui\Utils\Button.h">
      <Filter>src\Utils</Filter>
    </ClInclude>
    <ClInclude Include="..\..\ofxAssets\src\ofxAssets.h">
      <Filter>addons\ofxAssets\src</Filter>
    </ClInclude>
    <ClInclude Include="..\src\ofxCvGui\Utils\Utils.h">
      <Filter>src\Utils</Filter>
    </ClInclude>
    <ClInclude Include="..\src\ofxCvGui\Utils\Constants.h">
      <Filter>src\Utils</Filter>
    </ClInclude>
    <ClInclude Include="..\src\ofxCvGui\Widgets\Spacer.h">
      <Filter>src\Widgets</Filter>
    </ClInclude>
    <ClInclude Include="..\src\ofxCvGui\Panels\World.h">
      <Filter>src\Panels</Filter>
    </ClInclude>
    <ClInclude Include="..\src\ofxCvGui\Widgets\IInspectable.h">
      <Filter>src\Widgets</Filter>
    </ClInclude>
    <ClInclude Include="..\src\ofxCvGui\Panels\Inspector.h">
      <Filter>src\Panels</Filter>
    </ClInclude>
    <ClInclude Include="..\src\ofxCvGui\Widgets\Title.h">
      <Filter>src\Widgets</Filter>
    </ClInclude>
    <ClInclude Include="..\src\ofxCvGui\Widgets\LiveValue.h">
      <Filter>src\Widgets</Filter>
    </ClInclude>
  </ItemGroup>
  <ItemGroup>
    <Filter Include="src">
      <UniqueIdentifier>{da7a9fdc-8162-469b-8a83-c35217069c30}</UniqueIdentifier>
    </Filter>
    <Filter Include="src\Panels">
      <UniqueIdentifier>{39c0b6ba-50dc-44a4-8965-583f75e23ea0}</UniqueIdentifier>
    </Filter>
    <Filter Include="src\Panels\Groups">
      <UniqueIdentifier>{224b59cb-2368-491d-b4c1-d52d8bcbfa53}</UniqueIdentifier>
    </Filter>
    <Filter Include="addons">
      <UniqueIdentifier>{ea3c348c-130f-4d79-aac4-b44c44fb2d39}</UniqueIdentifier>
    </Filter>
    <Filter Include="addons\ofxGrabcam">
      <UniqueIdentifier>{8aee8299-2135-438b-8c58-db83c2ab70d7}</UniqueIdentifier>
    </Filter>
    <Filter Include="addons\ofxGrabcam\src">
      <UniqueIdentifier>{bcc27bac-eb96-42b6-b069-c13bd0d214c3}</UniqueIdentifier>
    </Filter>
    <Filter Include="src\Widgets">
      <UniqueIdentifier>{116e901b-68ab-477e-b772-de6949f17b5b}</UniqueIdentifier>
    </Filter>
    <Filter Include="addons\ofxLiquidEvent">
      <UniqueIdentifier>{6cb06faf-7c28-4b1e-b709-735c14eba84c}</UniqueIdentifier>
    </Filter>
    <Filter Include="addons\ofxLiquidEvent\src">
      <UniqueIdentifier>{b5c07a04-5c18-4a46-bd61-b818a985d505}</UniqueIdentifier>
    </Filter>
    <Filter Include="src\Utils">
      <UniqueIdentifier>{c39fefa5-2092-4ddb-be89-a5a7b0142b7b}</UniqueIdentifier>
    </Filter>
    <Filter Include="addons\ofxAssets">
      <UniqueIdentifier>{35552152-e9b9-468f-be24-74e289835735}</UniqueIdentifier>
    </Filter>
    <Filter Include="addons\ofxAssets\src">
      <UniqueIdentifier>{eac035b9-8285-4384-8376-8be6a3ce3581}</UniqueIdentifier>
    </Filter>
  </ItemGroup>
</Project>