<?xml version="1.0"?>
<plist version="1.0">
	<dict>
		<key>archiveVersion</key>
		<string>1</string>
		<key>classes</key>
		<dict />
		<key>objectVersion</key>
		<string>46</string>
		<key>objects</key>
		<dict>
			<key>02828BA30C44C70E6D2CC496</key>
			<dict>
				<key>explicitFileType</key>
				<string>sourcecode.c.h</string>
				<key>fileEncoding</key>
				<string>30</string>
				<key>isa</key>
				<string>PBXFileReference</string>
				<key>name</key>
				<string>ofxSingleton.h</string>
				<key>path</key>
				<string>../../../addons/ofxSingleton/src/ofxSingleton.h</string>
				<key>sourceTree</key>
				<string>SOURCE_ROOT</string>
			</dict>
			<key>3D87DCEF7BE61FF2B7A482ED</key>
			<dict>
				<key>explicitFileType</key>
				<string>sourcecode.c.h</string>
				<key>fileEncoding</key>
				<string>30</string>
				<key>isa</key>
				<string>PBXFileReference</string>
				<key>name</key>
				<string>UnmanagedSingleton.h</string>
				<key>path</key>
				<string>../../../addons/ofxSingleton/src/ofxSingleton/UnmanagedSingleton.h</string>
				<key>sourceTree</key>
				<string>SOURCE_ROOT</string>
			</dict>
			<key>1F0CC314C9ABC8362DF4B3F2</key>
			<dict>
				<key>explicitFileType</key>
				<string>sourcecode.c.h</string>
				<key>fileEncoding</key>
				<string>30</string>
				<key>isa</key>
				<string>PBXFileReference</string>
				<key>name</key>
				<string>Singleton.h</string>
				<key>path</key>
				<string>../../../addons/ofxSingleton/src/ofxSingleton/Singleton.h</string>
				<key>sourceTree</key>
				<string>SOURCE_ROOT</string>
			</dict>
			<key>BBACB3C28590DF8ECC2F8CF4</key>
			<dict>
				<key>explicitFileType</key>
				<string>sourcecode.c.h</string>
				<key>fileEncoding</key>
				<string>30</string>
				<key>isa</key>
				<string>PBXFileReference</string>
				<key>name</key>
				<string>Register.h</string>
				<key>path</key>
				<string>../../../addons/ofxSingleton/src/ofxSingleton/Register.h</string>
				<key>sourceTree</key>
				<string>SOURCE_ROOT</string>
			</dict>
			<key>EBB8AE3B0BE439EC1CCD2179</key>
			<dict>
				<key>fileRef</key>
				<string>ED68AFA8A71ECE8AA87AC6F4</string>
				<key>isa</key>
				<string>PBXBuildFile</string>
			</dict>
			<key>ED68AFA8A71ECE8AA87AC6F4</key>
			<dict>
				<key>explicitFileType</key>
				<string>sourcecode.cpp.cpp</string>
				<key>fileEncoding</key>
				<string>30</string>
				<key>isa</key>
				<string>PBXFileReference</string>
				<key>name</key>
				<string>Register.cpp</string>
				<key>path</key>
				<string>../../../addons/ofxSingleton/src/ofxSingleton/Register.cpp</string>
				<key>sourceTree</key>
				<string>SOURCE_ROOT</string>
			</dict>
			<key>39777742146004DB5DD0DA36</key>
			<dict>
				<key>explicitFileType</key>
				<string>sourcecode.c.h</string>
				<key>fileEncoding</key>
				<string>30</string>
				<key>isa</key>
				<string>PBXFileReference</string>
				<key>name</key>
				<string>BaseStore.h</string>
				<key>path</key>
				<string>../../../addons/ofxSingleton/src/ofxSingleton/BaseStore.h</string>
				<key>sourceTree</key>
				<string>SOURCE_ROOT</string>
			</dict>
			<key>ABCE174CC6E52888D310CA33</key>
			<dict>
				<key>children</key>
				<array>
					<string>D9033293271D5A9259B36990</string>
					<string>39777742146004DB5DD0DA36</string>
					<string>ED68AFA8A71ECE8AA87AC6F4</string>
					<string>BBACB3C28590DF8ECC2F8CF4</string>
					<string>1F0CC314C9ABC8362DF4B3F2</string>
					<string>3D87DCEF7BE61FF2B7A482ED</string>
				</array>
				<key>isa</key>
				<string>PBXGroup</string>
				<key>name</key>
				<string>ofxSingleton</string>
				<key>sourceTree</key>
				<string>&lt;group&gt;</string>
			</dict>
			<key>19798C04DB547263426C2151</key>
			<dict>
				<key>children</key>
				<array>
					<string>ABCE174CC6E52888D310CA33</string>
					<string>02828BA30C44C70E6D2CC496</string>
				</array>
				<key>isa</key>
				<string>PBXGroup</string>
				<key>name</key>
				<string>src</string>
				<key>sourceTree</key>
				<string>&lt;group&gt;</string>
			</dict>
			<key>49079037B81634D1F370EDA7</key>
			<dict>
				<key>children</key>
				<array>
					<string>19798C04DB547263426C2151</string>
				</array>
				<key>isa</key>
				<string>PBXGroup</string>
				<key>name</key>
				<string>ofxSingleton</string>
				<key>sourceTree</key>
				<string>&lt;group&gt;</string>
			</dict>
			<key>05959DA89EBACF2C4F9C89C5</key>
			<dict>
				<key>fileRef</key>
				<string>D9033293271D5A9259B36990</string>
				<key>isa</key>
				<string>PBXBuildFile</string>
			</dict>
			<key>D9033293271D5A9259B36990</key>
			<dict>
				<key>explicitFileType</key>
				<string>sourcecode.cpp.cpp</string>
				<key>fileEncoding</key>
				<string>30</string>
				<key>isa</key>
				<string>PBXFileReference</string>
				<key>name</key>
				<string>BaseStore.cpp</string>
				<key>path</key>
				<string>../../../addons/ofxSingleton/src/ofxSingleton/BaseStore.cpp</string>
				<key>sourceTree</key>
				<string>SOURCE_ROOT</string>
			</dict>
			<key>87B7C64C02AE5E3940E65825</key>
			<dict>
				<key>children</key>
				<array>
					<string>89E5AD32409F2BD22045704E</string>
				</array>
				<key>isa</key>
				<string>PBXGroup</string>
				<key>name</key>
				<string>src</string>
				<key>sourceTree</key>
				<string>&lt;group&gt;</string>
			</dict>
			<key>CF1B72478A403C7607813DC5</key>
			<dict>
				<key>children</key>
				<array>
					<string>87B7C64C02AE5E3940E65825</string>
				</array>
				<key>isa</key>
				<string>PBXGroup</string>
				<key>name</key>
				<string>ofxLiquidEvent</string>
				<key>sourceTree</key>
				<string>&lt;group&gt;</string>
			</dict>
			<key>89E5AD32409F2BD22045704E</key>
			<dict>
				<key>explicitFileType</key>
				<string>sourcecode.c.h</string>
				<key>fileEncoding</key>
				<string>30</string>
				<key>isa</key>
				<string>PBXFileReference</string>
				<key>name</key>
				<string>ofxLiquidEvent.h</string>
				<key>path</key>
				<string>../../../addons/ofxLiquidEvent/src/ofxLiquidEvent.h</string>
				<key>sourceTree</key>
				<string>SOURCE_ROOT</string>
			</dict>
			<key>411825D206FEFBA451C69368</key>
			<dict>
				<key>explicitFileType</key>
				<string>sourcecode.c.h</string>
				<key>fileEncoding</key>
				<string>30</string>
				<key>isa</key>
				<string>PBXFileReference</string>
				<key>name</key>
				<string>ofxGrabCam.h</string>
				<key>path</key>
				<string>../../../addons/ofxGrabCam/src/ofxGrabCam.h</string>
				<key>sourceTree</key>
				<string>SOURCE_ROOT</string>
			</dict>
			<key>F60C58CA4909EB621B1DBD95</key>
			<dict>
				<key>children</key>
				<array>
					<string>126D728B075C482C4C740428</string>
					<string>411825D206FEFBA451C69368</string>
				</array>
				<key>isa</key>
				<string>PBXGroup</string>
				<key>name</key>
				<string>src</string>
				<key>sourceTree</key>
				<string>&lt;group&gt;</string>
			</dict>
			<key>CB480773A518EB96FF506657</key>
			<dict>
				<key>children</key>
				<array>
					<string>F60C58CA4909EB621B1DBD95</string>
				</array>
				<key>isa</key>
				<string>PBXGroup</string>
				<key>name</key>
				<string>ofxGrabCam</string>
				<key>sourceTree</key>
				<string>&lt;group&gt;</string>
			</dict>
			<key>4B84BE00D8222E1072317E49</key>
			<dict>
				<key>fileRef</key>
				<string>126D728B075C482C4C740428</string>
				<key>isa</key>
				<string>PBXBuildFile</string>
			</dict>
			<key>126D728B075C482C4C740428</key>
			<dict>
				<key>explicitFileType</key>
				<string>sourcecode.cpp.cpp</string>
				<key>fileEncoding</key>
				<string>30</string>
				<key>isa</key>
				<string>PBXFileReference</string>
				<key>name</key>
				<string>ofxGrabCam.cpp</string>
				<key>path</key>
				<string>../../../addons/ofxGrabCam/src/ofxGrabCam.cpp</string>
				<key>sourceTree</key>
				<string>SOURCE_ROOT</string>
			</dict>
			<key>3D9CBC4322ACAAFEEF4A3F7F</key>
			<dict>
				<key>explicitFileType</key>
				<string>sourcecode.c.h</string>
				<key>fileEncoding</key>
				<string>30</string>
				<key>isa</key>
				<string>PBXFileReference</string>
				<key>name</key>
				<string>ofxCvGui.h</string>
				<key>path</key>
				<string>../../../addons/ofxCvGui/src/ofxCvGui.h</string>
				<key>sourceTree</key>
				<string>SOURCE_ROOT</string>
			</dict>
			<key>2C6ED5EE9C75470C2CC67C9F</key>
			<dict>
				<key>fileRef</key>
				<string>66A5BF33B2375453AE7E6AB1</string>
				<key>isa</key>
				<string>PBXBuildFile</string>
			</dict>
			<key>66A5BF33B2375453AE7E6AB1</key>
			<dict>
				<key>explicitFileType</key>
				<string>sourcecode.cpp.cpp</string>
				<key>fileEncoding</key>
				<string>30</string>
				<key>isa</key>
				<string>PBXFileReference</string>
				<key>name</key>
				<string>ofxCvGui.cpp</string>
				<key>path</key>
				<string>../../../addons/ofxCvGui/src/ofxCvGui.cpp</string>
				<key>sourceTree</key>
				<string>SOURCE_ROOT</string>
			</dict>
			<key>5616DCB22C6E27104C686E68</key>
			<dict>
				<key>explicitFileType</key>
				<string>sourcecode.c.h</string>
				<key>fileEncoding</key>
				<string>30</string>
				<key>isa</key>
				<string>PBXFileReference</string>
				<key>name</key>
				<string>Toggle.h</string>
				<key>path</key>
				<string>../../../addons/ofxCvGui/src/ofxCvGui/Widgets/Toggle.h</string>
				<key>sourceTree</key>
				<string>SOURCE_ROOT</string>
			</dict>
			<key>C76F9977F6518E8FC7F34DF6</key>
			<dict>
				<key>fileRef</key>
				<string>71D7B3C7FC2DC7317704D09D</string>
				<key>isa</key>
				<string>PBXBuildFile</string>
			</dict>
			<key>71D7B3C7FC2DC7317704D09D</key>
			<dict>
				<key>explicitFileType</key>
				<string>sourcecode.cpp.cpp</string>
				<key>fileEncoding</key>
				<string>30</string>
				<key>isa</key>
				<string>PBXFileReference</string>
				<key>name</key>
				<string>Toggle.cpp</string>
				<key>path</key>
				<string>../../../addons/ofxCvGui/src/ofxCvGui/Widgets/Toggle.cpp</string>
				<key>sourceTree</key>
				<string>SOURCE_ROOT</string>
			</dict>
			<key>EB0D31F20D369F6B7D737C83</key>
			<dict>
				<key>explicitFileType</key>
				<string>sourcecode.c.h</string>
				<key>fileEncoding</key>
				<string>30</string>
				<key>isa</key>
				<string>PBXFileReference</string>
				<key>name</key>
				<string>Title.h</string>
				<key>path</key>
				<string>../../../addons/ofxCvGui/src/ofxCvGui/Widgets/Title.h</string>
				<key>sourceTree</key>
				<string>SOURCE_ROOT</string>
			</dict>
			<key>205EFFE38CDAB84A1C721740</key>
			<dict>
				<key>fileRef</key>
				<string>F0C8CEC4ED36192DAB0DC9D5</string>
				<key>isa</key>
				<string>PBXBuildFile</string>
			</dict>
			<key>F0C8CEC4ED36192DAB0DC9D5</key>
			<dict>
				<key>explicitFileType</key>
				<string>sourcecode.cpp.cpp</string>
				<key>fileEncoding</key>
				<string>30</string>
				<key>isa</key>
				<string>PBXFileReference</string>
				<key>name</key>
				<string>Title.cpp</string>
				<key>path</key>
				<string>../../../addons/ofxCvGui/src/ofxCvGui/Widgets/Title.cpp</string>
				<key>sourceTree</key>
				<string>SOURCE_ROOT</string>
			</dict>
			<key>E31726749EC17AAE7FD8EB52</key>
			<dict>
				<key>explicitFileType</key>
				<string>sourcecode.c.h</string>
				<key>fileEncoding</key>
				<string>30</string>
				<key>isa</key>
				<string>PBXFileReference</string>
				<key>name</key>
				<string>Spacer.h</string>
				<key>path</key>
				<string>../../../addons/ofxCvGui/src/ofxCvGui/Widgets/Spacer.h</string>
				<key>sourceTree</key>
				<string>SOURCE_ROOT</string>
			</dict>
			<key>C0069387B8DF872A75290A83</key>
			<dict>
				<key>fileRef</key>
				<string>F0460EC7CDA2EC335F285049</string>
				<key>isa</key>
				<string>PBXBuildFile</string>
			</dict>
			<key>F0460EC7CDA2EC335F285049</key>
			<dict>
				<key>explicitFileType</key>
				<string>sourcecode.cpp.cpp</string>
				<key>fileEncoding</key>
				<string>30</string>
				<key>isa</key>
				<string>PBXFileReference</string>
				<key>name</key>
				<string>Spacer.cpp</string>
				<key>path</key>
				<string>../../../addons/ofxCvGui/src/ofxCvGui/Widgets/Spacer.cpp</string>
				<key>sourceTree</key>
				<string>SOURCE_ROOT</string>
			</dict>
			<key>8BEBF254BA2D32D12155CCEB</key>
			<dict>
				<key>explicitFileType</key>
				<string>sourcecode.c.h</string>
				<key>fileEncoding</key>
				<string>30</string>
				<key>isa</key>
				<string>PBXFileReference</string>
				<key>name</key>
				<string>Slider.h</string>
				<key>path</key>
				<string>../../../addons/ofxCvGui/src/ofxCvGui/Widgets/Slider.h</string>
				<key>sourceTree</key>
				<string>SOURCE_ROOT</string>
			</dict>
			<key>5101B64B5068340B12FF3703</key>
			<dict>
				<key>fileRef</key>
				<string>01149F6ACC1D41C3EDFFDC1F</string>
				<key>isa</key>
				<string>PBXBuildFile</string>
			</dict>
			<key>01149F6ACC1D41C3EDFFDC1F</key>
			<dict>
				<key>explicitFileType</key>
				<string>sourcecode.cpp.cpp</string>
				<key>fileEncoding</key>
				<string>30</string>
				<key>isa</key>
				<string>PBXFileReference</string>
				<key>name</key>
				<string>Slider.cpp</string>
				<key>path</key>
				<string>../../../addons/ofxCvGui/src/ofxCvGui/Widgets/Slider.cpp</string>
				<key>sourceTree</key>
				<string>SOURCE_ROOT</string>
			</dict>
			<key>5591FFF21D3A6E2C43FA3823</key>
			<dict>
				<key>explicitFileType</key>
				<string>sourcecode.c.h</string>
				<key>fileEncoding</key>
				<string>30</string>
				<key>isa</key>
				<string>PBXFileReference</string>
				<key>name</key>
				<string>SelectFile.h</string>
				<key>path</key>
				<string>../../../addons/ofxCvGui/src/ofxCvGui/Widgets/SelectFile.h</string>
				<key>sourceTree</key>
				<string>SOURCE_ROOT</string>
			</dict>
			<key>BB4C18A2A4F1CA4C232AC9B7</key>
			<dict>
				<key>fileRef</key>
				<string>B4AE6F9D45FDDB9774D4E233</string>
				<key>isa</key>
				<string>PBXBuildFile</string>
			</dict>
			<key>B4AE6F9D45FDDB9774D4E233</key>
			<dict>
				<key>explicitFileType</key>
				<string>sourcecode.cpp.cpp</string>
				<key>fileEncoding</key>
				<string>30</string>
				<key>isa</key>
				<string>PBXFileReference</string>
				<key>name</key>
				<string>SelectFile.cpp</string>
				<key>path</key>
				<string>../../../addons/ofxCvGui/src/ofxCvGui/Widgets/SelectFile.cpp</string>
				<key>sourceTree</key>
				<string>SOURCE_ROOT</string>
			</dict>
			<key>2274121746AED4BBD2547673</key>
			<dict>
				<key>explicitFileType</key>
				<string>sourcecode.c.h</string>
				<key>fileEncoding</key>
				<string>30</string>
				<key>isa</key>
				<string>PBXFileReference</string>
				<key>name</key>
				<string>MultipleChoice.h</string>
				<key>path</key>
				<string>../../../addons/ofxCvGui/src/ofxCvGui/Widgets/MultipleChoice.h</string>
				<key>sourceTree</key>
				<string>SOURCE_ROOT</string>
			</dict>
			<key>745F6E9B7D72C17E5633ADFF</key>
			<dict>
				<key>fileRef</key>
				<string>88869B128CE49403B739201C</string>
				<key>isa</key>
				<string>PBXBuildFile</string>
			</dict>
			<key>88869B128CE49403B739201C</key>
			<dict>
				<key>explicitFileType</key>
				<string>sourcecode.cpp.cpp</string>
				<key>fileEncoding</key>
				<string>30</string>
				<key>isa</key>
				<string>PBXFileReference</string>
				<key>name</key>
				<string>MultipleChoice.cpp</string>
				<key>path</key>
				<string>../../../addons/ofxCvGui/src/ofxCvGui/Widgets/MultipleChoice.cpp</string>
				<key>sourceTree</key>
				<string>SOURCE_ROOT</string>
			</dict>
			<key>06272E8244EB3787B4B9BC12</key>
			<dict>
				<key>explicitFileType</key>
				<string>sourcecode.c.h</string>
				<key>fileEncoding</key>
				<string>30</string>
				<key>isa</key>
				<string>PBXFileReference</string>
				<key>name</key>
				<string>LiveValue.h</string>
				<key>path</key>
				<string>../../../addons/ofxCvGui/src/ofxCvGui/Widgets/LiveValue.h</string>
				<key>sourceTree</key>
				<string>SOURCE_ROOT</string>
			</dict>
			<key>06C1066E01B3193F4FEA71A8</key>
			<dict>
				<key>fileRef</key>
				<string>41B8BECFBA7E626ABDC0BEFF</string>
				<key>isa</key>
				<string>PBXBuildFile</string>
			</dict>
			<key>41B8BECFBA7E626ABDC0BEFF</key>
			<dict>
				<key>explicitFileType</key>
				<string>sourcecode.cpp.cpp</string>
				<key>fileEncoding</key>
				<string>30</string>
				<key>isa</key>
				<string>PBXFileReference</string>
				<key>name</key>
				<string>LiveValue.cpp</string>
				<key>path</key>
				<string>../../../addons/ofxCvGui/src/ofxCvGui/Widgets/LiveValue.cpp</string>
				<key>sourceTree</key>
				<string>SOURCE_ROOT</string>
			</dict>
			<key>99DA3913404A9BD7EFFE9D13</key>
			<dict>
				<key>explicitFileType</key>
				<string>sourcecode.c.h</string>
				<key>fileEncoding</key>
				<string>30</string>
				<key>isa</key>
				<string>PBXFileReference</string>
				<key>name</key>
				<string>Indicator.h</string>
				<key>path</key>
				<string>../../../addons/ofxCvGui/src/ofxCvGui/Widgets/Indicator.h</string>
				<key>sourceTree</key>
				<string>SOURCE_ROOT</string>
			</dict>
			<key>D8DE7E3E12C648FBFDFD392F</key>
			<dict>
				<key>fileRef</key>
				<string>E0CCB87B460320379696FB41</string>
				<key>isa</key>
				<string>PBXBuildFile</string>
			</dict>
			<key>E0CCB87B460320379696FB41</key>
			<dict>
				<key>explicitFileType</key>
				<string>sourcecode.cpp.cpp</string>
				<key>fileEncoding</key>
				<string>30</string>
				<key>isa</key>
				<string>PBXFileReference</string>
				<key>name</key>
				<string>Indicator.cpp</string>
				<key>path</key>
				<string>../../../addons/ofxCvGui/src/ofxCvGui/Widgets/Indicator.cpp</string>
				<key>sourceTree</key>
				<string>SOURCE_ROOT</string>
			</dict>
			<key>5C0BCAAE2912DB1FBC337066</key>
			<dict>
				<key>explicitFileType</key>
				<string>sourcecode.c.h</string>
				<key>fileEncoding</key>
				<string>30</string>
				<key>isa</key>
				<string>PBXFileReference</string>
				<key>name</key>
				<string>EditableValue.h</string>
				<key>path</key>
				<string>../../../addons/ofxCvGui/src/ofxCvGui/Widgets/EditableValue.h</string>
				<key>sourceTree</key>
				<string>SOURCE_ROOT</string>
			</dict>
			<key>328B8500EB009C50C497B705</key>
			<dict>
				<key>explicitFileType</key>
				<string>sourcecode.c.h</string>
				<key>fileEncoding</key>
				<string>30</string>
				<key>isa</key>
				<string>PBXFileReference</string>
				<key>name</key>
				<string>Button.h</string>
				<key>path</key>
				<string>../../../addons/ofxCvGui/src/ofxCvGui/Widgets/Button.h</string>
				<key>sourceTree</key>
				<string>SOURCE_ROOT</string>
			</dict>
			<key>DC505D383BB1840222D0F3EF</key>
			<dict>
				<key>children</key>
				<array>
					<string>AFBA6B341A8FBF2A6D05FF99</string>
					<string>328B8500EB009C50C497B705</string>
					<string>5C0BCAAE2912DB1FBC337066</string>
					<string>E0CCB87B460320379696FB41</string>
					<string>99DA3913404A9BD7EFFE9D13</string>
					<string>41B8BECFBA7E626ABDC0BEFF</string>
					<string>06272E8244EB3787B4B9BC12</string>
					<string>88869B128CE49403B739201C</string>
					<string>2274121746AED4BBD2547673</string>
					<string>B4AE6F9D45FDDB9774D4E233</string>
					<string>5591FFF21D3A6E2C43FA3823</string>
					<string>01149F6ACC1D41C3EDFFDC1F</string>
					<string>8BEBF254BA2D32D12155CCEB</string>
					<string>F0460EC7CDA2EC335F285049</string>
					<string>E31726749EC17AAE7FD8EB52</string>
					<string>F0C8CEC4ED36192DAB0DC9D5</string>
					<string>EB0D31F20D369F6B7D737C83</string>
					<string>71D7B3C7FC2DC7317704D09D</string>
					<string>5616DCB22C6E27104C686E68</string>
				</array>
				<key>isa</key>
				<string>PBXGroup</string>
				<key>name</key>
				<string>Widgets</string>
				<key>sourceTree</key>
				<string>&lt;group&gt;</string>
			</dict>
			<key>FE254D2B4E95074595FD5041</key>
			<dict>
				<key>fileRef</key>
				<string>AFBA6B341A8FBF2A6D05FF99</string>
				<key>isa</key>
				<string>PBXBuildFile</string>
			</dict>
			<key>AFBA6B341A8FBF2A6D05FF99</key>
			<dict>
				<key>explicitFileType</key>
				<string>sourcecode.cpp.cpp</string>
				<key>fileEncoding</key>
				<string>30</string>
				<key>isa</key>
				<string>PBXFileReference</string>
				<key>name</key>
				<string>Button.cpp</string>
				<key>path</key>
				<string>../../../addons/ofxCvGui/src/ofxCvGui/Widgets/Button.cpp</string>
				<key>sourceTree</key>
				<string>SOURCE_ROOT</string>
			</dict>
			<key>CE0D5710FAB9CFDB61B613B3</key>
			<dict>
				<key>explicitFileType</key>
				<string>sourcecode.c.h</string>
				<key>fileEncoding</key>
				<string>30</string>
				<key>isa</key>
				<string>PBXFileReference</string>
				<key>name</key>
				<string>Utils.h</string>
				<key>path</key>
				<string>../../../addons/ofxCvGui/src/ofxCvGui/Utils/Utils.h</string>
				<key>sourceTree</key>
				<string>SOURCE_ROOT</string>
			</dict>
			<key>5D4BADF199050866DB3FB66F</key>
			<dict>
				<key>fileRef</key>
				<string>CCB431CCB186D1D370570425</string>
				<key>isa</key>
				<string>PBXBuildFile</string>
			</dict>
			<key>CCB431CCB186D1D370570425</key>
			<dict>
				<key>explicitFileType</key>
				<string>sourcecode.cpp.cpp</string>
				<key>fileEncoding</key>
				<string>30</string>
				<key>isa</key>
				<string>PBXFileReference</string>
				<key>name</key>
				<string>Utils.cpp</string>
				<key>path</key>
				<string>../../../addons/ofxCvGui/src/ofxCvGui/Utils/Utils.cpp</string>
				<key>sourceTree</key>
				<string>SOURCE_ROOT</string>
			</dict>
			<key>4274A7E4AA43C9985E5A5BA8</key>
			<dict>
				<key>explicitFileType</key>
				<string>sourcecode.c.h</string>
				<key>fileEncoding</key>
				<string>30</string>
				<key>isa</key>
				<string>PBXFileReference</string>
				<key>name</key>
				<string>TextField.h</string>
				<key>path</key>
				<string>../../../addons/ofxCvGui/src/ofxCvGui/Utils/TextField.h</string>
				<key>sourceTree</key>
				<string>SOURCE_ROOT</string>
			</dict>
			<key>9116424F5EFDE49A03939091</key>
			<dict>
				<key>fileRef</key>
				<string>CEEACA3B03C3FC6257A63608</string>
				<key>isa</key>
				<string>PBXBuildFile</string>
			</dict>
			<key>CEEACA3B03C3FC6257A63608</key>
			<dict>
				<key>explicitFileType</key>
				<string>sourcecode.cpp.cpp</string>
				<key>fileEncoding</key>
				<string>30</string>
				<key>isa</key>
				<string>PBXFileReference</string>
				<key>name</key>
				<string>TextField.cpp</string>
				<key>path</key>
				<string>../../../addons/ofxCvGui/src/ofxCvGui/Utils/TextField.cpp</string>
				<key>sourceTree</key>
				<string>SOURCE_ROOT</string>
			</dict>
			<key>70A56DDD9DFA7B5405C2E51A</key>
			<dict>
				<key>explicitFileType</key>
				<string>sourcecode.c.h</string>
				<key>fileEncoding</key>
				<string>30</string>
				<key>isa</key>
				<string>PBXFileReference</string>
				<key>name</key>
				<string>Constants.h</string>
				<key>path</key>
				<string>../../../addons/ofxCvGui/src/ofxCvGui/Utils/Constants.h</string>
				<key>sourceTree</key>
				<string>SOURCE_ROOT</string>
			</dict>
			<key>3E5C83363720D223A0EA1E72</key>
			<dict>
				<key>fileRef</key>
				<string>1213779AAFD1ED445E4F412E</string>
				<key>isa</key>
				<string>PBXBuildFile</string>
			</dict>
			<key>1213779AAFD1ED445E4F412E</key>
			<dict>
				<key>explicitFileType</key>
				<string>sourcecode.cpp.cpp</string>
				<key>fileEncoding</key>
				<string>30</string>
				<key>isa</key>
				<string>PBXFileReference</string>
				<key>name</key>
				<string>Constants.cpp</string>
				<key>path</key>
				<string>../../../addons/ofxCvGui/src/ofxCvGui/Utils/Constants.cpp</string>
				<key>sourceTree</key>
				<string>SOURCE_ROOT</string>
			</dict>
			<key>D12AAEBA15F879E4775389C8</key>
			<dict>
				<key>explicitFileType</key>
				<string>sourcecode.c.h</string>
				<key>fileEncoding</key>
				<string>30</string>
				<key>isa</key>
				<string>PBXFileReference</string>
				<key>name</key>
				<string>Button.h</string>
				<key>path</key>
				<string>../../../addons/ofxCvGui/src/ofxCvGui/Utils/Button.h</string>
				<key>sourceTree</key>
				<string>SOURCE_ROOT</string>
			</dict>
			<key>D4D1445403078E906B3F3B2B</key>
			<dict>
				<key>children</key>
				<array>
					<string>5C4E6FDE0575D9D9E92E4F3B</string>
					<string>D12AAEBA15F879E4775389C8</string>
					<string>1213779AAFD1ED445E4F412E</string>
					<string>70A56DDD9DFA7B5405C2E51A</string>
					<string>CEEACA3B03C3FC6257A63608</string>
					<string>4274A7E4AA43C9985E5A5BA8</string>
					<string>CCB431CCB186D1D370570425</string>
					<string>CE0D5710FAB9CFDB61B613B3</string>
				</array>
				<key>isa</key>
				<string>PBXGroup</string>
				<key>name</key>
				<string>Utils</string>
				<key>sourceTree</key>
				<string>&lt;group&gt;</string>
			</dict>
			<key>FC5AF1E1AD4115EF5C5A7786</key>
			<dict>
				<key>fileRef</key>
				<string>5C4E6FDE0575D9D9E92E4F3B</string>
				<key>isa</key>
				<string>PBXBuildFile</string>
			</dict>
			<key>5C4E6FDE0575D9D9E92E4F3B</key>
			<dict>
				<key>explicitFileType</key>
				<string>sourcecode.cpp.cpp</string>
				<key>fileEncoding</key>
				<string>30</string>
				<key>isa</key>
				<string>PBXFileReference</string>
				<key>name</key>
				<string>Button.cpp</string>
				<key>path</key>
				<string>../../../addons/ofxCvGui/src/ofxCvGui/Utils/Button.cpp</string>
				<key>sourceTree</key>
				<string>SOURCE_ROOT</string>
			</dict>
			<key>8603543F88144418D2045173</key>
			<dict>
				<key>explicitFileType</key>
				<string>sourcecode.c.h</string>
				<key>fileEncoding</key>
				<string>30</string>
				<key>isa</key>
				<string>PBXFileReference</string>
				<key>name</key>
				<string>Types.h</string>
				<key>path</key>
				<string>../../../addons/ofxCvGui/src/ofxCvGui/Types.h</string>
				<key>sourceTree</key>
				<string>SOURCE_ROOT</string>
			</dict>
			<key>7C16B04A119D08A837F64182</key>
			<dict>
				<key>fileRef</key>
				<string>FDFDB86DC7B945C900566AAE</string>
				<key>isa</key>
				<string>PBXBuildFile</string>
			</dict>
			<key>FDFDB86DC7B945C900566AAE</key>
			<dict>
				<key>explicitFileType</key>
				<string>sourcecode.cpp.cpp</string>
				<key>fileEncoding</key>
				<string>30</string>
				<key>isa</key>
				<string>PBXFileReference</string>
				<key>name</key>
				<string>Types.cpp</string>
				<key>path</key>
				<string>../../../addons/ofxCvGui/src/ofxCvGui/Types.cpp</string>
				<key>sourceTree</key>
				<string>SOURCE_ROOT</string>
			</dict>
			<key>27E13CCD553598CE8D6D6858</key>
			<dict>
				<key>explicitFileType</key>
				<string>sourcecode.c.h</string>
				<key>fileEncoding</key>
				<string>30</string>
				<key>isa</key>
				<string>PBXFileReference</string>
				<key>name</key>
				<string>World.h</string>
				<key>path</key>
				<string>../../../addons/ofxCvGui/src/ofxCvGui/Panels/World.h</string>
				<key>sourceTree</key>
				<string>SOURCE_ROOT</string>
			</dict>
			<key>FBC17F647FA3D3208773B23F</key>
			<dict>
				<key>fileRef</key>
				<string>164BC81352E4CF1EF788F018</string>
				<key>isa</key>
				<string>PBXBuildFile</string>
			</dict>
			<key>164BC81352E4CF1EF788F018</key>
			<dict>
				<key>explicitFileType</key>
				<string>sourcecode.cpp.cpp</string>
				<key>fileEncoding</key>
				<string>30</string>
				<key>isa</key>
				<string>PBXFileReference</string>
				<key>name</key>
				<string>World.cpp</string>
				<key>path</key>
				<string>../../../addons/ofxCvGui/src/ofxCvGui/Panels/World.cpp</string>
				<key>sourceTree</key>
				<string>SOURCE_ROOT</string>
			</dict>
			<key>7F4723CA1DF5D0410F3032EA</key>
			<dict>
				<key>explicitFileType</key>
				<string>sourcecode.c.h</string>
				<key>fileEncoding</key>
				<string>30</string>
				<key>isa</key>
				<string>PBXFileReference</string>
				<key>name</key>
				<string>Widgets.h</string>
				<key>path</key>
				<string>../../../addons/ofxCvGui/src/ofxCvGui/Panels/Widgets.h</string>
				<key>sourceTree</key>
				<string>SOURCE_ROOT</string>
			</dict>
			<key>F69C1E195AB1F1DFA7DC82F2</key>
			<dict>
				<key>fileRef</key>
				<string>809008216CF0787033DC7C98</string>
				<key>isa</key>
				<string>PBXBuildFile</string>
			</dict>
			<key>809008216CF0787033DC7C98</key>
			<dict>
				<key>explicitFileType</key>
				<string>sourcecode.cpp.cpp</string>
				<key>fileEncoding</key>
				<string>30</string>
				<key>isa</key>
				<string>PBXFileReference</string>
				<key>name</key>
				<string>Widgets.cpp</string>
				<key>path</key>
				<string>../../../addons/ofxCvGui/src/ofxCvGui/Panels/Widgets.cpp</string>
				<key>sourceTree</key>
				<string>SOURCE_ROOT</string>
			</dict>
			<key>43FD37E1D3C23C5B01B1FC79</key>
			<dict>
				<key>explicitFileType</key>
				<string>sourcecode.c.h</string>
				<key>fileEncoding</key>
				<string>30</string>
				<key>isa</key>
				<string>PBXFileReference</string>
				<key>name</key>
				<string>Text.h</string>
				<key>path</key>
				<string>../../../addons/ofxCvGui/src/ofxCvGui/Panels/Text.h</string>
				<key>sourceTree</key>
				<string>SOURCE_ROOT</string>
			</dict>
			<key>FCC4EE93510B225E4F3C649A</key>
			<dict>
				<key>fileRef</key>
				<string>28E4FEFB2BC997A89A7429A6</string>
				<key>isa</key>
				<string>PBXBuildFile</string>
			</dict>
			<key>28E4FEFB2BC997A89A7429A6</key>
			<dict>
				<key>explicitFileType</key>
				<string>sourcecode.cpp.cpp</string>
				<key>fileEncoding</key>
				<string>30</string>
				<key>isa</key>
				<string>PBXFileReference</string>
				<key>name</key>
				<string>Text.cpp</string>
				<key>path</key>
				<string>../../../addons/ofxCvGui/src/ofxCvGui/Panels/Text.cpp</string>
				<key>sourceTree</key>
				<string>SOURCE_ROOT</string>
			</dict>
			<key>8F9A4A7EFAEB2B47A309251C</key>
			<dict>
				<key>explicitFileType</key>
				<string>sourcecode.c.h</string>
				<key>fileEncoding</key>
				<string>30</string>
				<key>isa</key>
				<string>PBXFileReference</string>
				<key>name</key>
				<string>SharedView.h</string>
				<key>path</key>
				<string>../../../addons/ofxCvGui/src/ofxCvGui/Panels/SharedView.h</string>
				<key>sourceTree</key>
				<string>SOURCE_ROOT</string>
			</dict>
			<key>39E1D37F3452724B61B6CABD</key>
			<dict>
				<key>fileRef</key>
				<string>561BC8DF3D34B655E3FB24F7</string>
				<key>isa</key>
				<string>PBXBuildFile</string>
			</dict>
			<key>561BC8DF3D34B655E3FB24F7</key>
			<dict>
				<key>explicitFileType</key>
				<string>sourcecode.cpp.cpp</string>
				<key>fileEncoding</key>
				<string>30</string>
				<key>isa</key>
				<string>PBXFileReference</string>
				<key>name</key>
				<string>SharedView.cpp</string>
				<key>path</key>
				<string>../../../addons/ofxCvGui/src/ofxCvGui/Panels/SharedView.cpp</string>
				<key>sourceTree</key>
				<string>SOURCE_ROOT</string>
			</dict>
			<key>34D2A2997DB7E58FA4A00E9A</key>
			<dict>
				<key>explicitFileType</key>
				<string>sourcecode.c.h</string>
				<key>fileEncoding</key>
				<string>30</string>
				<key>isa</key>
				<string>PBXFileReference</string>
				<key>name</key>
				<string>Scroll.h</string>
				<key>path</key>
				<string>../../../addons/ofxCvGui/src/ofxCvGui/Panels/Scroll.h</string>
				<key>sourceTree</key>
				<string>SOURCE_ROOT</string>
			</dict>
			<key>11E0F98167DCED5AB4FC2E0B</key>
			<dict>
				<key>fileRef</key>
				<string>AA1329B067C5823AB8090791</string>
				<key>isa</key>
				<string>PBXBuildFile</string>
			</dict>
			<key>AA1329B067C5823AB8090791</key>
			<dict>
				<key>explicitFileType</key>
				<string>sourcecode.cpp.cpp</string>
				<key>fileEncoding</key>
				<string>30</string>
				<key>isa</key>
				<string>PBXFileReference</string>
				<key>name</key>
				<string>Scroll.cpp</string>
				<key>path</key>
				<string>../../../addons/ofxCvGui/src/ofxCvGui/Panels/Scroll.cpp</string>
				<key>sourceTree</key>
				<string>SOURCE_ROOT</string>
			</dict>
			<key>58EE69C53DB9E3321F2420FE</key>
			<dict>
				<key>explicitFileType</key>
				<string>sourcecode.c.h</string>
				<key>fileEncoding</key>
				<string>30</string>
				<key>isa</key>
				<string>PBXFileReference</string>
				<key>name</key>
				<string>PixelsVector.h</string>
				<key>path</key>
				<string>../../../addons/ofxCvGui/src/ofxCvGui/Panels/PixelsVector.h</string>
				<key>sourceTree</key>
				<string>SOURCE_ROOT</string>
			</dict>
			<key>3B4A38B43537215D55871CAA</key>
			<dict>
				<key>fileRef</key>
				<string>3E4944672963E5BEDBA68BFD</string>
				<key>isa</key>
				<string>PBXBuildFile</string>
			</dict>
			<key>3E4944672963E5BEDBA68BFD</key>
			<dict>
				<key>explicitFileType</key>
				<string>sourcecode.cpp.cpp</string>
				<key>fileEncoding</key>
				<string>30</string>
				<key>isa</key>
				<string>PBXFileReference</string>
				<key>name</key>
				<string>PixelsVector.cpp</string>
				<key>path</key>
				<string>../../../addons/ofxCvGui/src/ofxCvGui/Panels/PixelsVector.cpp</string>
				<key>sourceTree</key>
				<string>SOURCE_ROOT</string>
			</dict>
			<key>2E37888FBCE2DF2AE567D630</key>
			<dict>
				<key>explicitFileType</key>
				<string>sourcecode.c.h</string>
				<key>fileEncoding</key>
				<string>30</string>
				<key>isa</key>
				<string>PBXFileReference</string>
				<key>name</key>
				<string>Pixels.h</string>
				<key>path</key>
				<string>../../../addons/ofxCvGui/src/ofxCvGui/Panels/Pixels.h</string>
				<key>sourceTree</key>
				<string>SOURCE_ROOT</string>
			</dict>
			<key>FF7B640B93129BDA0BF8F37E</key>
			<dict>
				<key>fileRef</key>
				<string>C1ADAAB81F019BAF1634EB69</string>
				<key>isa</key>
				<string>PBXBuildFile</string>
			</dict>
			<key>C1ADAAB81F019BAF1634EB69</key>
			<dict>
				<key>explicitFileType</key>
				<string>sourcecode.cpp.cpp</string>
				<key>fileEncoding</key>
				<string>30</string>
				<key>isa</key>
				<string>PBXFileReference</string>
				<key>name</key>
				<string>Pixels.cpp</string>
				<key>path</key>
				<string>../../../addons/ofxCvGui/src/ofxCvGui/Panels/Pixels.cpp</string>
				<key>sourceTree</key>
				<string>SOURCE_ROOT</string>
			</dict>
			<key>673EA79522DC16F2C8F3A30F</key>
			<dict>
				<key>explicitFileType</key>
				<string>sourcecode.c.h</string>
				<key>fileEncoding</key>
				<string>30</string>
				<key>isa</key>
				<string>PBXFileReference</string>
				<key>name</key>
				<string>Instructions.h</string>
				<key>path</key>
				<string>../../../addons/ofxCvGui/src/ofxCvGui/Panels/Instructions.h</string>
				<key>sourceTree</key>
				<string>SOURCE_ROOT</string>
			</dict>
			<key>4FA173DBD2C98985DD6F93C7</key>
			<dict>
				<key>fileRef</key>
				<string>E639FDFDC2EF90FCB33831C1</string>
				<key>isa</key>
				<string>PBXBuildFile</string>
			</dict>
			<key>E639FDFDC2EF90FCB33831C1</key>
			<dict>
				<key>explicitFileType</key>
				<string>sourcecode.cpp.cpp</string>
				<key>fileEncoding</key>
				<string>30</string>
				<key>isa</key>
				<string>PBXFileReference</string>
				<key>name</key>
				<string>Instructions.cpp</string>
				<key>path</key>
				<string>../../../addons/ofxCvGui/src/ofxCvGui/Panels/Instructions.cpp</string>
				<key>sourceTree</key>
				<string>SOURCE_ROOT</string>
			</dict>
			<key>26BBFE9F690DF0C949E739C0</key>
			<dict>
				<key>explicitFileType</key>
				<string>sourcecode.c.h</string>
				<key>fileEncoding</key>
				<string>30</string>
				<key>isa</key>
				<string>PBXFileReference</string>
				<key>name</key>
				<string>Inspector.h</string>
				<key>path</key>
				<string>../../../addons/ofxCvGui/src/ofxCvGui/Panels/Inspector.h</string>
				<key>sourceTree</key>
				<string>SOURCE_ROOT</string>
			</dict>
			<key>310D9D16B70196775FE63D9C</key>
			<dict>
				<key>fileRef</key>
				<string>CADDF2D7D287A4A8A80F07B9</string>
				<key>isa</key>
				<string>PBXBuildFile</string>
			</dict>
			<key>CADDF2D7D287A4A8A80F07B9</key>
			<dict>
				<key>explicitFileType</key>
				<string>sourcecode.cpp.cpp</string>
				<key>fileEncoding</key>
				<string>30</string>
				<key>isa</key>
				<string>PBXFileReference</string>
				<key>name</key>
				<string>Inspector.cpp</string>
				<key>path</key>
				<string>../../../addons/ofxCvGui/src/ofxCvGui/Panels/Inspector.cpp</string>
				<key>sourceTree</key>
				<string>SOURCE_ROOT</string>
			</dict>
			<key>A2D436BC7832BE3C221698F4</key>
			<dict>
				<key>explicitFileType</key>
				<string>sourcecode.c.h</string>
				<key>fileEncoding</key>
				<string>30</string>
				<key>isa</key>
				<string>PBXFileReference</string>
				<key>name</key>
				<string>Image.h</string>
				<key>path</key>
				<string>../../../addons/ofxCvGui/src/ofxCvGui/Panels/Image.h</string>
				<key>sourceTree</key>
				<string>SOURCE_ROOT</string>
			</dict>
			<key>0A0F27DFD653805116655BF9</key>
			<dict>
				<key>fileRef</key>
				<string>E5BFAE2E7510E350CD7F5C2E</string>
				<key>isa</key>
				<string>PBXBuildFile</string>
			</dict>
			<key>E5BFAE2E7510E350CD7F5C2E</key>
			<dict>
				<key>explicitFileType</key>
				<string>sourcecode.cpp.cpp</string>
				<key>fileEncoding</key>
				<string>30</string>
				<key>isa</key>
				<string>PBXFileReference</string>
				<key>name</key>
				<string>Image.cpp</string>
				<key>path</key>
				<string>../../../addons/ofxCvGui/src/ofxCvGui/Panels/Image.cpp</string>
				<key>sourceTree</key>
				<string>SOURCE_ROOT</string>
			</dict>
			<key>829AE6B4507A9B189F97B1FA</key>
			<dict>
				<key>explicitFileType</key>
				<string>sourcecode.c.h</string>
				<key>fileEncoding</key>
				<string>30</string>
				<key>isa</key>
				<string>PBXFileReference</string>
				<key>name</key>
				<string>Grid.h</string>
				<key>path</key>
				<string>../../../addons/ofxCvGui/src/ofxCvGui/Panels/Groups/Grid.h</string>
				<key>sourceTree</key>
				<string>SOURCE_ROOT</string>
			</dict>
			<key>BA13BBBC043761EE53310C1E</key>
			<dict>
				<key>fileRef</key>
				<string>91B311F82AE067E33BE2E383</string>
				<key>isa</key>
				<string>PBXBuildFile</string>
			</dict>
			<key>91B311F82AE067E33BE2E383</key>
			<dict>
				<key>explicitFileType</key>
				<string>sourcecode.cpp.cpp</string>
				<key>fileEncoding</key>
				<string>30</string>
				<key>isa</key>
				<string>PBXFileReference</string>
				<key>name</key>
				<string>Grid.cpp</string>
				<key>path</key>
				<string>../../../addons/ofxCvGui/src/ofxCvGui/Panels/Groups/Grid.cpp</string>
				<key>sourceTree</key>
				<string>SOURCE_ROOT</string>
			</dict>
			<key>14D0C560815CCDBB77EF1418</key>
			<dict>
				<key>children</key>
				<array>
					<string>5746137545C4B94F2924844D</string>
					<string>91B311F82AE067E33BE2E383</string>
					<string>829AE6B4507A9B189F97B1FA</string>
				</array>
				<key>isa</key>
				<string>PBXGroup</string>
				<key>name</key>
				<string>Groups</string>
				<key>sourceTree</key>
				<string>&lt;group&gt;</string>
			</dict>
			<key>5746137545C4B94F2924844D</key>
			<dict>
				<key>explicitFileType</key>
				<string>sourcecode.c.h</string>
				<key>fileEncoding</key>
				<string>30</string>
				<key>isa</key>
				<string>PBXFileReference</string>
				<key>name</key>
				<string>Base.h</string>
				<key>path</key>
				<string>../../../addons/ofxCvGui/src/ofxCvGui/Panels/Groups/Base.h</string>
				<key>sourceTree</key>
				<string>SOURCE_ROOT</string>
			</dict>
			<key>67867A7B5DC3799121951E0C</key>
			<dict>
				<key>explicitFileType</key>
				<string>sourcecode.c.h</string>
				<key>fileEncoding</key>
				<string>30</string>
				<key>isa</key>
				<string>PBXFileReference</string>
				<key>name</key>
				<string>ElementHost.h</string>
				<key>path</key>
				<string>../../../addons/ofxCvGui/src/ofxCvGui/Panels/ElementHost.h</string>
				<key>sourceTree</key>
				<string>SOURCE_ROOT</string>
			</dict>
			<key>62F54A4F8AC8709358EE4D1C</key>
			<dict>
				<key>fileRef</key>
				<string>156F773F3374B3C779CC2B98</string>
				<key>isa</key>
				<string>PBXBuildFile</string>
			</dict>
			<key>156F773F3374B3C779CC2B98</key>
			<dict>
				<key>explicitFileType</key>
				<string>sourcecode.cpp.cpp</string>
				<key>fileEncoding</key>
				<string>30</string>
				<key>isa</key>
				<string>PBXFileReference</string>
				<key>name</key>
				<string>ElementHost.cpp</string>
				<key>path</key>
				<string>../../../addons/ofxCvGui/src/ofxCvGui/Panels/ElementHost.cpp</string>
				<key>sourceTree</key>
				<string>SOURCE_ROOT</string>
			</dict>
			<key>C942303D5E3B87CC2BD9C091</key>
			<dict>
				<key>explicitFileType</key>
				<string>sourcecode.c.h</string>
				<key>fileEncoding</key>
				<string>30</string>
				<key>isa</key>
				<string>PBXFileReference</string>
				<key>name</key>
				<string>ElementCanvas.h</string>
				<key>path</key>
				<string>../../../addons/ofxCvGui/src/ofxCvGui/Panels/ElementCanvas.h</string>
				<key>sourceTree</key>
				<string>SOURCE_ROOT</string>
			</dict>
			<key>79BAE57F8DFA831CB0F41AA8</key>
			<dict>
				<key>fileRef</key>
				<string>CBA54B9B104DF3CCF1F70FDB</string>
				<key>isa</key>
				<string>PBXBuildFile</string>
			</dict>
			<key>CBA54B9B104DF3CCF1F70FDB</key>
			<dict>
				<key>explicitFileType</key>
				<string>sourcecode.cpp.cpp</string>
				<key>fileEncoding</key>
				<string>30</string>
				<key>isa</key>
				<string>PBXFileReference</string>
				<key>name</key>
				<string>ElementCanvas.cpp</string>
				<key>path</key>
				<string>../../../addons/ofxCvGui/src/ofxCvGui/Panels/ElementCanvas.cpp</string>
				<key>sourceTree</key>
				<string>SOURCE_ROOT</string>
			</dict>
			<key>E84D8E3BE45ED0A4505513BF</key>
			<dict>
				<key>explicitFileType</key>
				<string>sourcecode.c.h</string>
				<key>fileEncoding</key>
				<string>30</string>
				<key>isa</key>
				<string>PBXFileReference</string>
				<key>name</key>
				<string>Draws.h</string>
				<key>path</key>
				<string>../../../addons/ofxCvGui/src/ofxCvGui/Panels/Draws.h</string>
				<key>sourceTree</key>
				<string>SOURCE_ROOT</string>
			</dict>
			<key>DF523DCFC0403CAD44D3608C</key>
			<dict>
				<key>fileRef</key>
				<string>9088880C7EACE4A72E88D04C</string>
				<key>isa</key>
				<string>PBXBuildFile</string>
			</dict>
			<key>9088880C7EACE4A72E88D04C</key>
			<dict>
				<key>explicitFileType</key>
				<string>sourcecode.cpp.cpp</string>
				<key>fileEncoding</key>
				<string>30</string>
				<key>isa</key>
				<string>PBXFileReference</string>
				<key>name</key>
				<string>Draws.cpp</string>
				<key>path</key>
				<string>../../../addons/ofxCvGui/src/ofxCvGui/Panels/Draws.cpp</string>
				<key>sourceTree</key>
				<string>SOURCE_ROOT</string>
			</dict>
			<key>61A2286B904E8FEE71F375BE</key>
			<dict>
				<key>explicitFileType</key>
				<string>sourcecode.c.h</string>
				<key>fileEncoding</key>
				<string>30</string>
				<key>isa</key>
				<string>PBXFileReference</string>
				<key>name</key>
				<string>BaseImage.h</string>
				<key>path</key>
				<string>../../../addons/ofxCvGui/src/ofxCvGui/Panels/BaseImage.h</string>
				<key>sourceTree</key>
				<string>SOURCE_ROOT</string>
			</dict>
			<key>409356476E16A86B68E01467</key>
			<dict>
				<key>fileRef</key>
				<string>39213DC10E1F71F6C30FA50A</string>
				<key>isa</key>
				<string>PBXBuildFile</string>
			</dict>
			<key>39213DC10E1F71F6C30FA50A</key>
			<dict>
				<key>explicitFileType</key>
				<string>sourcecode.cpp.cpp</string>
				<key>fileEncoding</key>
				<string>30</string>
				<key>isa</key>
				<string>PBXFileReference</string>
				<key>name</key>
				<string>BaseImage.cpp</string>
				<key>path</key>
				<string>../../../addons/ofxCvGui/src/ofxCvGui/Panels/BaseImage.cpp</string>
				<key>sourceTree</key>
				<string>SOURCE_ROOT</string>
			</dict>
			<key>6F668056E473145F6BFD34FC</key>
			<dict>
				<key>explicitFileType</key>
				<string>sourcecode.c.h</string>
				<key>fileEncoding</key>
				<string>30</string>
				<key>isa</key>
				<string>PBXFileReference</string>
				<key>name</key>
				<string>Base.h</string>
				<key>path</key>
				<string>../../../addons/ofxCvGui/src/ofxCvGui/Panels/Base.h</string>
				<key>sourceTree</key>
				<string>SOURCE_ROOT</string>
			</dict>
			<key>6A7ACEC909A77B836212F56B</key>
			<dict>
				<key>children</key>
				<array>
					<string>E2DB97377F3B2FC88014AA2A</string>
					<string>6F668056E473145F6BFD34FC</string>
					<string>39213DC10E1F71F6C30FA50A</string>
					<string>61A2286B904E8FEE71F375BE</string>
					<string>9088880C7EACE4A72E88D04C</string>
					<string>E84D8E3BE45ED0A4505513BF</string>
					<string>CBA54B9B104DF3CCF1F70FDB</string>
					<string>C942303D5E3B87CC2BD9C091</string>
					<string>156F773F3374B3C779CC2B98</string>
					<string>67867A7B5DC3799121951E0C</string>
					<string>14D0C560815CCDBB77EF1418</string>
					<string>E5BFAE2E7510E350CD7F5C2E</string>
					<string>A2D436BC7832BE3C221698F4</string>
					<string>CADDF2D7D287A4A8A80F07B9</string>
					<string>26BBFE9F690DF0C949E739C0</string>
					<string>E639FDFDC2EF90FCB33831C1</string>
					<string>673EA79522DC16F2C8F3A30F</string>
					<string>C1ADAAB81F019BAF1634EB69</string>
					<string>2E37888FBCE2DF2AE567D630</string>
					<string>3E4944672963E5BEDBA68BFD</string>
					<string>58EE69C53DB9E3321F2420FE</string>
					<string>AA1329B067C5823AB8090791</string>
					<string>34D2A2997DB7E58FA4A00E9A</string>
					<string>561BC8DF3D34B655E3FB24F7</string>
					<string>8F9A4A7EFAEB2B47A309251C</string>
					<string>28E4FEFB2BC997A89A7429A6</string>
					<string>43FD37E1D3C23C5B01B1FC79</string>
					<string>809008216CF0787033DC7C98</string>
					<string>7F4723CA1DF5D0410F3032EA</string>
					<string>164BC81352E4CF1EF788F018</string>
					<string>27E13CCD553598CE8D6D6858</string>
				</array>
				<key>isa</key>
				<string>PBXGroup</string>
				<key>name</key>
				<string>Panels</string>
				<key>sourceTree</key>
				<string>&lt;group&gt;</string>
			</dict>
			<key>09FF92D4429FD0AB4484105E</key>
			<dict>
				<key>fileRef</key>
				<string>E2DB97377F3B2FC88014AA2A</string>
				<key>isa</key>
				<string>PBXBuildFile</string>
			</dict>
			<key>E2DB97377F3B2FC88014AA2A</key>
			<dict>
				<key>explicitFileType</key>
				<string>sourcecode.cpp.cpp</string>
				<key>fileEncoding</key>
				<string>30</string>
				<key>isa</key>
				<string>PBXFileReference</string>
				<key>name</key>
				<string>Base.cpp</string>
				<key>path</key>
				<string>../../../addons/ofxCvGui/src/ofxCvGui/Panels/Base.cpp</string>
				<key>sourceTree</key>
				<string>SOURCE_ROOT</string>
			</dict>
			<key>FD554DA04084629BEC5F63D6</key>
			<dict>
				<key>explicitFileType</key>
				<string>sourcecode.c.h</string>
				<key>fileEncoding</key>
				<string>30</string>
				<key>isa</key>
				<string>PBXFileReference</string>
				<key>name</key>
				<string>InspectController.h</string>
				<key>path</key>
				<string>../../../addons/ofxCvGui/src/ofxCvGui/InspectController.h</string>
				<key>sourceTree</key>
				<string>SOURCE_ROOT</string>
			</dict>
			<key>15BD99E7E6857F2DD82DFF62</key>
			<dict>
				<key>fileRef</key>
				<string>C4EC4FC868A74841744A234D</string>
				<key>isa</key>
				<string>PBXBuildFile</string>
			</dict>
			<key>C4EC4FC868A74841744A234D</key>
			<dict>
				<key>explicitFileType</key>
				<string>sourcecode.cpp.cpp</string>
				<key>fileEncoding</key>
				<string>30</string>
				<key>isa</key>
				<string>PBXFileReference</string>
				<key>name</key>
				<string>InspectController.cpp</string>
				<key>path</key>
				<string>../../../addons/ofxCvGui/src/ofxCvGui/InspectController.cpp</string>
				<key>sourceTree</key>
				<string>SOURCE_ROOT</string>
			</dict>
			<key>FEE2EFBD203F11D717789752</key>
			<dict>
				<key>explicitFileType</key>
				<string>sourcecode.c.h</string>
				<key>fileEncoding</key>
				<string>30</string>
				<key>isa</key>
				<string>PBXFileReference</string>
				<key>name</key>
				<string>ElementSlot.h</string>
				<key>path</key>
				<string>../../../addons/ofxCvGui/src/ofxCvGui/ElementSlot.h</string>
				<key>sourceTree</key>
				<string>SOURCE_ROOT</string>
			</dict>
			<key>F71B2D35DED2105871A87016</key>
			<dict>
				<key>fileRef</key>
				<string>1F2E4CABE1535C03435085E4</string>
				<key>isa</key>
				<string>PBXBuildFile</string>
			</dict>
			<key>1F2E4CABE1535C03435085E4</key>
			<dict>
				<key>explicitFileType</key>
				<string>sourcecode.cpp.cpp</string>
				<key>fileEncoding</key>
				<string>30</string>
				<key>isa</key>
				<string>PBXFileReference</string>
				<key>name</key>
				<string>ElementSlot.cpp</string>
				<key>path</key>
				<string>../../../addons/ofxCvGui/src/ofxCvGui/ElementSlot.cpp</string>
				<key>sourceTree</key>
				<string>SOURCE_ROOT</string>
			</dict>
			<key>247D9D2AC478B855741B6395</key>
			<dict>
				<key>explicitFileType</key>
				<string>sourcecode.c.h</string>
				<key>fileEncoding</key>
				<string>30</string>
				<key>isa</key>
				<string>PBXFileReference</string>
				<key>name</key>
				<string>ElementGroup.h</string>
				<key>path</key>
				<string>../../../addons/ofxCvGui/src/ofxCvGui/ElementGroup.h</string>
				<key>sourceTree</key>
				<string>SOURCE_ROOT</string>
			</dict>
			<key>27FC1C83A1AC6ABFEB015081</key>
			<dict>
				<key>fileRef</key>
				<string>E7A49AFA07B7A9E92D56DA84</string>
				<key>isa</key>
				<string>PBXBuildFile</string>
			</dict>
			<key>E7A49AFA07B7A9E92D56DA84</key>
			<dict>
				<key>explicitFileType</key>
				<string>sourcecode.cpp.cpp</string>
				<key>fileEncoding</key>
				<string>30</string>
				<key>isa</key>
				<string>PBXFileReference</string>
				<key>name</key>
				<string>ElementGroup.cpp</string>
				<key>path</key>
				<string>../../../addons/ofxCvGui/src/ofxCvGui/ElementGroup.cpp</string>
				<key>sourceTree</key>
				<string>SOURCE_ROOT</string>
			</dict>
			<key>6066D90FE7FEFA7B44DEF184</key>
			<dict>
				<key>explicitFileType</key>
				<string>sourcecode.c.h</string>
				<key>fileEncoding</key>
				<string>30</string>
				<key>isa</key>
				<string>PBXFileReference</string>
				<key>name</key>
				<string>Element.h</string>
				<key>path</key>
				<string>../../../addons/ofxCvGui/src/ofxCvGui/Element.h</string>
				<key>sourceTree</key>
				<string>SOURCE_ROOT</string>
			</dict>
			<key>7E585C7D25078263F9ABE3EF</key>
			<dict>
				<key>fileRef</key>
				<string>ADA486BE90790711804CFA69</string>
				<key>isa</key>
				<string>PBXBuildFile</string>
			</dict>
			<key>ADA486BE90790711804CFA69</key>
			<dict>
				<key>explicitFileType</key>
				<string>sourcecode.cpp.cpp</string>
				<key>fileEncoding</key>
				<string>30</string>
				<key>isa</key>
				<string>PBXFileReference</string>
				<key>name</key>
				<string>Element.cpp</string>
				<key>path</key>
				<string>../../../addons/ofxCvGui/src/ofxCvGui/Element.cpp</string>
				<key>sourceTree</key>
				<string>SOURCE_ROOT</string>
			</dict>
			<key>7A57D7ED17BCBBFB45B99BE6</key>
			<dict>
				<key>explicitFileType</key>
				<string>sourcecode.c.h</string>
				<key>fileEncoding</key>
				<string>30</string>
				<key>isa</key>
				<string>PBXFileReference</string>
				<key>name</key>
				<string>Controller.h</string>
				<key>path</key>
				<string>../../../addons/ofxCvGui/src/ofxCvGui/Controller.h</string>
				<key>sourceTree</key>
				<string>SOURCE_ROOT</string>
			</dict>
			<key>929325A25700BDF0B81BB684</key>
			<dict>
				<key>fileRef</key>
				<string>125037CD2364698871BE8FD2</string>
				<key>isa</key>
				<string>PBXBuildFile</string>
			</dict>
			<key>125037CD2364698871BE8FD2</key>
			<dict>
				<key>explicitFileType</key>
				<string>sourcecode.cpp.cpp</string>
				<key>fileEncoding</key>
				<string>30</string>
				<key>isa</key>
				<string>PBXFileReference</string>
				<key>name</key>
				<string>Controller.cpp</string>
				<key>path</key>
				<string>../../../addons/ofxCvGui/src/ofxCvGui/Controller.cpp</string>
				<key>sourceTree</key>
				<string>SOURCE_ROOT</string>
			</dict>
			<key>225967337664C5B8515DE229</key>
			<dict>
				<key>explicitFileType</key>
				<string>sourcecode.c.h</string>
				<key>fileEncoding</key>
				<string>30</string>
				<key>isa</key>
				<string>PBXFileReference</string>
				<key>name</key>
				<string>Builder.h</string>
				<key>path</key>
				<string>../../../addons/ofxCvGui/src/ofxCvGui/Builder.h</string>
				<key>sourceTree</key>
				<string>SOURCE_ROOT</string>
			</dict>
			<key>CB7F471B41BDCAB3166876DA</key>
			<dict>
				<key>children</key>
				<array>
					<string>BBCA4C7F8E0F9CB0E20F3612</string>
					<string>225967337664C5B8515DE229</string>
					<string>125037CD2364698871BE8FD2</string>
					<string>7A57D7ED17BCBBFB45B99BE6</string>
					<string>ADA486BE90790711804CFA69</string>
					<string>6066D90FE7FEFA7B44DEF184</string>
					<string>E7A49AFA07B7A9E92D56DA84</string>
					<string>247D9D2AC478B855741B6395</string>
					<string>1F2E4CABE1535C03435085E4</string>
					<string>FEE2EFBD203F11D717789752</string>
					<string>C4EC4FC868A74841744A234D</string>
					<string>FD554DA04084629BEC5F63D6</string>
					<string>6A7ACEC909A77B836212F56B</string>
					<string>FDFDB86DC7B945C900566AAE</string>
					<string>8603543F88144418D2045173</string>
					<string>D4D1445403078E906B3F3B2B</string>
					<string>DC505D383BB1840222D0F3EF</string>
				</array>
				<key>isa</key>
				<string>PBXGroup</string>
				<key>name</key>
				<string>ofxCvGui</string>
				<key>sourceTree</key>
				<string>&lt;group&gt;</string>
			</dict>
			<key>54ABED09FD1D551FB3FB5F60</key>
			<dict>
				<key>children</key>
				<array>
					<string>CB7F471B41BDCAB3166876DA</string>
					<string>66A5BF33B2375453AE7E6AB1</string>
					<string>3D9CBC4322ACAAFEEF4A3F7F</string>
				</array>
				<key>isa</key>
				<string>PBXGroup</string>
				<key>name</key>
				<string>src</string>
				<key>sourceTree</key>
				<string>&lt;group&gt;</string>
			</dict>
			<key>38D2B898D6DE3C7998C99CFA</key>
			<dict>
				<key>children</key>
				<array>
					<string>54ABED09FD1D551FB3FB5F60</string>
				</array>
				<key>isa</key>
				<string>PBXGroup</string>
				<key>name</key>
				<string>ofxCvGui</string>
				<key>sourceTree</key>
				<string>&lt;group&gt;</string>
			</dict>
			<key>84C67442C6ED945654865B6F</key>
			<dict>
				<key>fileRef</key>
				<string>BBCA4C7F8E0F9CB0E20F3612</string>
				<key>isa</key>
				<string>PBXBuildFile</string>
			</dict>
			<key>BBCA4C7F8E0F9CB0E20F3612</key>
			<dict>
				<key>explicitFileType</key>
				<string>sourcecode.cpp.cpp</string>
				<key>fileEncoding</key>
				<string>30</string>
				<key>isa</key>
				<string>PBXFileReference</string>
				<key>name</key>
				<string>Builder.cpp</string>
				<key>path</key>
				<string>../../../addons/ofxCvGui/src/ofxCvGui/Builder.cpp</string>
				<key>sourceTree</key>
				<string>SOURCE_ROOT</string>
			</dict>
			<key>3D71A6D125EA82B1D0A6B542</key>
			<dict>
				<key>explicitFileType</key>
				<string>sourcecode.c.h</string>
				<key>fileEncoding</key>
				<string>30</string>
				<key>isa</key>
				<string>PBXFileReference</string>
				<key>name</key>
				<string>ofxAssets.h</string>
				<key>path</key>
				<string>../../../addons/ofxAssets/src/ofxAssets.h</string>
				<key>sourceTree</key>
				<string>SOURCE_ROOT</string>
			</dict>
			<key>4C5AF0A9BE41EC68A067150D</key>
			<dict>
				<key>children</key>
				<array>
					<string>13FF4A2D641AAE64D70ABCC6</string>
					<string>3D71A6D125EA82B1D0A6B542</string>
				</array>
				<key>isa</key>
				<string>PBXGroup</string>
				<key>name</key>
				<string>src</string>
				<key>sourceTree</key>
				<string>&lt;group&gt;</string>
			</dict>
			<key>2131F4950B84031A6EE74483</key>
			<dict>
				<key>children</key>
				<array>
					<string>4C5AF0A9BE41EC68A067150D</string>
				</array>
				<key>isa</key>
				<string>PBXGroup</string>
				<key>name</key>
				<string>ofxAssets</string>
				<key>sourceTree</key>
				<string>&lt;group&gt;</string>
			</dict>
			<key>D6D9A3631B256390D73E2C18</key>
			<dict>
				<key>fileRef</key>
				<string>13FF4A2D641AAE64D70ABCC6</string>
				<key>isa</key>
				<string>PBXBuildFile</string>
			</dict>
			<key>13FF4A2D641AAE64D70ABCC6</key>
			<dict>
				<key>explicitFileType</key>
				<string>sourcecode.cpp.cpp</string>
				<key>fileEncoding</key>
				<string>30</string>
				<key>isa</key>
				<string>PBXFileReference</string>
				<key>name</key>
				<string>ofxAssets.cpp</string>
				<key>path</key>
				<string>../../../addons/ofxAssets/src/ofxAssets.cpp</string>
				<key>sourceTree</key>
				<string>SOURCE_ROOT</string>
			</dict>
			<key>6948EE371B920CB800B5AC1A</key>
			<dict>
				<key>children</key>
				<array />
				<key>isa</key>
				<string>PBXGroup</string>
				<key>name</key>
				<string>local_addons</string>
				<key>sourceTree</key>
				<string>&lt;group&gt;</string>
			</dict>
			<key>8466F1851C04CA0E00918B1C</key>
			<dict>
				<key>buildActionMask</key>
				<string>12</string>
				<key>files</key>
				<array />
				<key>inputPaths</key>
				<array />
				<key>isa</key>
				<string>PBXShellScriptBuildPhase</string>
				<key>outputPaths</key>
				<array />
				<key>runOnlyForDeploymentPostprocessing</key>
				<string>0</string>
				<key>shellPath</key>
				<string>/bin/sh</string>
				<key>shellScript</key>
				<string># ---- Code Sign App Package ----
 
# WARNING: You may have to run Clean in Xcode after changing CODE_SIGN_IDENTITY!

# Verify that $CODE_SIGN_IDENTITY is set
if [ -z "${CODE_SIGN_IDENTITY}" ] ; then
echo "CODE_SIGN_IDENTITY needs to be set for framework code-signing"
exit 0
fi

if [ -z "${CODE_SIGN_ENTITLEMENTS}" ] ; then
echo "CODE_SIGN_ENTITLEMENTS needs to be set for framework code-signing!"

if [ "${CONFIGURATION}" = "Release" ] ; then
exit 1
else
# Code-signing is optional for non-release builds.
exit 0
fi
fi

ITEMS=""

FRAMEWORKS_DIR="${TARGET_BUILD_DIR}/${FRAMEWORKS_FOLDER_PATH}"
echo "$FRAMEWORKS_DIR"
if [ -d "$FRAMEWORKS_DIR" ] ; then
FRAMEWORKS=$(find "${FRAMEWORKS_DIR}" -depth -type d -name "*.framework" -or -name "*.dylib" -or -name "*.bundle" | sed -e "s/\(.*framework\)/\1\/Versions\/A\//")
RESULT=$?
if [[ $RESULT != 0 ]] ; then
exit 1
fi

ITEMS="${FRAMEWORKS}"
fi

LOGINITEMS_DIR="${TARGET_BUILD_DIR}/${CONTENTS_FOLDER_PATH}/Library/LoginItems/"
if [ -d "$LOGINITEMS_DIR" ] ; then
LOGINITEMS=$(find "${LOGINITEMS_DIR}" -depth -type d -name "*.app")
RESULT=$?
if [[ $RESULT != 0 ]] ; then
exit 1
fi

ITEMS="${ITEMS}"$'\n'"${LOGINITEMS}"
fi

# Prefer the expanded name, if available.
CODE_SIGN_IDENTITY_FOR_ITEMS="${EXPANDED_CODE_SIGN_IDENTITY_NAME}"
if [ "${CODE_SIGN_IDENTITY_FOR_ITEMS}" = "" ] ; then
# Fall back to old behavior.
CODE_SIGN_IDENTITY_FOR_ITEMS="${CODE_SIGN_IDENTITY}"
fi

echo "Identity:"
echo "${CODE_SIGN_IDENTITY_FOR_ITEMS}"

echo "Entitlements:"
echo "${CODE_SIGN_ENTITLEMENTS}"

echo "Found:"
echo "${ITEMS}"

# Change the Internal Field Separator (IFS) so that spaces in paths will not cause problems below.
SAVED_IFS=$IFS
IFS=$(echo -en "\n\b")

# Loop through all items.
for ITEM in $ITEMS;
do
echo "Signing '${ITEM}'"
codesign --force --verbose --sign "${CODE_SIGN_IDENTITY_FOR_ITEMS}" --entitlements "${CODE_SIGN_ENTITLEMENTS}" "${ITEM}"
RESULT=$?
if [[ $RESULT != 0 ]] ; then
echo "Failed to sign '${ITEM}'."
IFS=$SAVED_IFS
exit 1
fi
done

# Restore $IFS.
IFS=$SAVED_IFS
</string>
			</dict>
			<key>BB4B014C10F69532006C3DED</key>
			<dict>
				<key>children</key>
				<array>
					<string>2131F4950B84031A6EE74483</string>
					<string>38D2B898D6DE3C7998C99CFA</string>
					<string>CB480773A518EB96FF506657</string>
					<string>CF1B72478A403C7607813DC5</string>
					<string>49079037B81634D1F370EDA7</string>
				</array>
				<key>isa</key>
				<string>PBXGroup</string>
				<key>name</key>
				<string>addons</string>
				<key>sourceTree</key>
				<string>&lt;group&gt;</string>
			</dict>
			<key>E4328143138ABC890047C5CB</key>
			<dict>
				<key>isa</key>
				<string>PBXFileReference</string>
				<key>lastKnownFileType</key>
				<string>wrapper.pb-project</string>
				<key>name</key>
				<string>openFrameworksLib.xcodeproj</string>
				<key>path</key>
				<string>../../../libs/openFrameworksCompiled/project/osx/openFrameworksLib.xcodeproj</string>
				<key>sourceTree</key>
				<string>SOURCE_ROOT</string>
			</dict>
			<key>E4328144138ABC890047C5CB</key>
			<dict>
				<key>children</key>
				<array>
					<string>E4328148138ABC890047C5CB</string>
				</array>
				<key>isa</key>
				<string>PBXGroup</string>
				<key>name</key>
				<string>Products</string>
				<key>sourceTree</key>
				<string>&lt;group&gt;</string>
			</dict>
			<key>E4328147138ABC890047C5CB</key>
			<dict>
				<key>containerPortal</key>
				<string>E4328143138ABC890047C5CB</string>
				<key>isa</key>
				<string>PBXContainerItemProxy</string>
				<key>proxyType</key>
				<string>2</string>
				<key>remoteGlobalIDString</key>
				<string>E4B27C1510CBEB8E00536013</string>
				<key>remoteInfo</key>
				<string>openFrameworks</string>
			</dict>
			<key>E4328148138ABC890047C5CB</key>
			<dict>
				<key>fileType</key>
				<string>archive.ar</string>
				<key>isa</key>
				<string>PBXReferenceProxy</string>
				<key>path</key>
				<string>openFrameworksDebug.a</string>
				<key>remoteRef</key>
				<string>E4328147138ABC890047C5CB</string>
				<key>sourceTree</key>
				<string>BUILT_PRODUCTS_DIR</string>
			</dict>
			<key>E4328149138ABC9F0047C5CB</key>
			<dict>
				<key>fileRef</key>
				<string>E4328148138ABC890047C5CB</string>
				<key>isa</key>
				<string>PBXBuildFile</string>
			</dict>
			<key>E4B69B4A0A3A1720003C02F2</key>
			<dict>
				<key>children</key>
				<array>
					<string>E4B6FCAD0C3E899E008CF71C</string>
					<string>E4EB6923138AFD0F00A09F29</string>
					<string>E4B69E1C0A3A1BDC003C02F2</string>
					<string>E4EEC9E9138DF44700A80321</string>
					<string>BB4B014C10F69532006C3DED</string>
					<string>6948EE371B920CB800B5AC1A</string>
					<string>E4B69B5B0A3A1756003C02F2</string>
				</array>
				<key>isa</key>
				<string>PBXGroup</string>
				<key>sourceTree</key>
				<string>&lt;group&gt;</string>
			</dict>
			<key>E4B69B4C0A3A1720003C02F2</key>
			<dict>
				<key>attributes</key>
				<dict>
					<key>LastUpgradeCheck</key>
					<string>0600</string>
				</dict>
				<key>buildConfigurationList</key>
				<string>E4B69B4D0A3A1720003C02F2</string>
				<key>compatibilityVersion</key>
				<string>Xcode 3.2</string>
				<key>developmentRegion</key>
				<string>English</string>
				<key>hasScannedForEncodings</key>
				<string>0</string>
				<key>isa</key>
				<string>PBXProject</string>
				<key>knownRegions</key>
				<array>
					<string>English</string>
					<string>Japanese</string>
					<string>French</string>
					<string>German</string>
				</array>
				<key>mainGroup</key>
				<string>E4B69B4A0A3A1720003C02F2</string>
				<key>productRefGroup</key>
				<string>E4B69B4A0A3A1720003C02F2</string>
				<key>projectDirPath</key>
				<string />
				<key>projectReferences</key>
				<array>
					<dict>
						<key>ProductGroup</key>
						<string>E4328144138ABC890047C5CB</string>
						<key>ProjectRef</key>
						<string>E4328143138ABC890047C5CB</string>
					</dict>
				</array>
				<key>projectRoot</key>
				<string />
				<key>targets</key>
				<array>
					<string>E4B69B5A0A3A1756003C02F2</string>
				</array>
			</dict>
			<key>E4B69B4D0A3A1720003C02F2</key>
			<dict>
				<key>buildConfigurations</key>
				<array>
					<string>E4B69B4E0A3A1720003C02F2</string>
					<string>E4B69B4F0A3A1720003C02F2</string>
				</array>
				<key>defaultConfigurationIsVisible</key>
				<string>0</string>
				<key>defaultConfigurationName</key>
				<string>Release</string>
				<key>isa</key>
				<string>XCConfigurationList</string>
			</dict>
			<key>E4B69B4E0A3A1720003C02F2</key>
			<dict>
				<key>baseConfigurationReference</key>
				<string>E4EB6923138AFD0F00A09F29</string>
				<key>buildSettings</key>
				<dict>
					<key>HEADER_SEARCH_PATHS</key>
					<array>
						<string>$(OF_CORE_HEADERS)</string>
						<string>src</string>
						<string>../../../addons/ofxAssets/src</string>
						<string>../../../addons/ofxCvGui/src</string>
						<string>../../../addons/ofxCvGui/src/ofxCvGui</string>
						<string>../../../addons/ofxCvGui/src/ofxCvGui/Panels</string>
						<string>../../../addons/ofxCvGui/src/ofxCvGui/Panels/Groups</string>
						<string>../../../addons/ofxCvGui/src/ofxCvGui/Utils</string>
						<string>../../../addons/ofxCvGui/src/ofxCvGui/Widgets</string>
						<string>../../../addons/ofxGrabCam/src</string>
						<string>../../../addons/ofxLiquidEvent/src</string>
						<string>../../../addons/ofxSingleton/src</string>
						<string>../../../addons/ofxSingleton/src/ofxSingleton</string>
					</array>
					<key>CONFIGURATION_BUILD_DIR</key>
					<string>$(SRCROOT)/bin/</string>
					<key>COPY_PHASE_STRIP</key>
					<string>NO</string>
					<key>DEAD_CODE_STRIPPING</key>
					<string>YES</string>
					<key>GCC_AUTO_VECTORIZATION</key>
					<string>YES</string>
					<key>GCC_ENABLE_SSE3_EXTENSIONS</key>
					<string>YES</string>
					<key>GCC_ENABLE_SUPPLEMENTAL_SSE3_INSTRUCTIONS</key>
					<string>YES</string>
					<key>GCC_INLINES_ARE_PRIVATE_EXTERN</key>
					<string>NO</string>
					<key>GCC_OPTIMIZATION_LEVEL</key>
					<string>0</string>
					<key>GCC_SYMBOLS_PRIVATE_EXTERN</key>
					<string>NO</string>
					<key>GCC_WARN_ABOUT_DEPRECATED_FUNCTIONS</key>
					<string>YES</string>
					<key>GCC_WARN_ABOUT_INVALID_OFFSETOF_MACRO</key>
					<string>NO</string>
					<key>GCC_WARN_ALLOW_INCOMPLETE_PROTOCOL</key>
					<string>NO</string>
					<key>GCC_WARN_UNINITIALIZED_AUTOS</key>
					<string>NO</string>
					<key>GCC_WARN_UNUSED_VALUE</key>
					<string>NO</string>
					<key>GCC_WARN_UNUSED_VARIABLE</key>
					<string>NO</string>
					<key>MACOSX_DEPLOYMENT_TARGET</key>
					<string>10.8</string>
					<key>ONLY_ACTIVE_ARCH</key>
					<string>YES</string>
					<key>OTHER_CPLUSPLUSFLAGS</key>
					<array>
						<string>-D__MACOSX_CORE__</string>
						<string>-mtune=native</string>
					</array>
					<key>SDKROOT</key>
					<string>macosx</string>
				</dict>
				<key>isa</key>
				<string>XCBuildConfiguration</string>
				<key>name</key>
				<string>Debug</string>
			</dict>
			<key>E4B69B4F0A3A1720003C02F2</key>
			<dict>
				<key>baseConfigurationReference</key>
				<string>E4EB6923138AFD0F00A09F29</string>
				<key>buildSettings</key>
				<dict>
					<key>HEADER_SEARCH_PATHS</key>
					<array>
						<string>$(OF_CORE_HEADERS)</string>
						<string>src</string>
						<string>../../../addons/ofxAssets/src</string>
						<string>../../../addons/ofxCvGui/src</string>
						<string>../../../addons/ofxCvGui/src/ofxCvGui</string>
						<string>../../../addons/ofxCvGui/src/ofxCvGui/Panels</string>
						<string>../../../addons/ofxCvGui/src/ofxCvGui/Panels/Groups</string>
						<string>../../../addons/ofxCvGui/src/ofxCvGui/Utils</string>
						<string>../../../addons/ofxCvGui/src/ofxCvGui/Widgets</string>
						<string>../../../addons/ofxGrabCam/src</string>
						<string>../../../addons/ofxLiquidEvent/src</string>
						<string>../../../addons/ofxSingleton/src</string>
						<string>../../../addons/ofxSingleton/src/ofxSingleton</string>
					</array>
					<key>CONFIGURATION_BUILD_DIR</key>
					<string>$(SRCROOT)/bin/</string>
					<key>COPY_PHASE_STRIP</key>
					<string>YES</string>
					<key>DEAD_CODE_STRIPPING</key>
					<string>YES</string>
					<key>GCC_AUTO_VECTORIZATION</key>
					<string>YES</string>
					<key>GCC_ENABLE_SSE3_EXTENSIONS</key>
					<string>YES</string>
					<key>GCC_ENABLE_SUPPLEMENTAL_SSE3_INSTRUCTIONS</key>
					<string>YES</string>
					<key>GCC_INLINES_ARE_PRIVATE_EXTERN</key>
					<string>NO</string>
					<key>GCC_OPTIMIZATION_LEVEL</key>
					<string>3</string>
					<key>GCC_SYMBOLS_PRIVATE_EXTERN</key>
					<string>NO</string>
					<key>GCC_UNROLL_LOOPS</key>
					<string>YES</string>
					<key>GCC_WARN_ABOUT_DEPRECATED_FUNCTIONS</key>
					<string>YES</string>
					<key>GCC_WARN_ABOUT_INVALID_OFFSETOF_MACRO</key>
					<string>NO</string>
					<key>GCC_WARN_ALLOW_INCOMPLETE_PROTOCOL</key>
					<string>NO</string>
					<key>GCC_WARN_UNINITIALIZED_AUTOS</key>
					<string>NO</string>
					<key>GCC_WARN_UNUSED_VALUE</key>
					<string>NO</string>
					<key>GCC_WARN_UNUSED_VARIABLE</key>
					<string>NO</string>
					<key>MACOSX_DEPLOYMENT_TARGET</key>
					<string>10.8</string>
					<key>OTHER_CPLUSPLUSFLAGS</key>
					<array>
						<string>-D__MACOSX_CORE__</string>
						<string>-mtune=native</string>
					</array>
					<key>SDKROOT</key>
					<string>macosx</string>
				</dict>
				<key>isa</key>
				<string>XCBuildConfiguration</string>
				<key>name</key>
				<string>Release</string>
			</dict>
			<key>E4B69B580A3A1756003C02F2</key>
			<dict>
				<key>buildActionMask</key>
				<string>2147483647</string>
				<key>files</key>
				<array>
					<string>E4B69E200A3A1BDC003C02F2</string>
					<string>E4B69E210A3A1BDC003C02F2</string>
					<string>D6D9A3631B256390D73E2C18</string>
					<string>84C67442C6ED945654865B6F</string>
					<string>929325A25700BDF0B81BB684</string>
					<string>7E585C7D25078263F9ABE3EF</string>
					<string>27FC1C83A1AC6ABFEB015081</string>
					<string>F71B2D35DED2105871A87016</string>
					<string>15BD99E7E6857F2DD82DFF62</string>
					<string>09FF92D4429FD0AB4484105E</string>
					<string>409356476E16A86B68E01467</string>
					<string>DF523DCFC0403CAD44D3608C</string>
					<string>79BAE57F8DFA831CB0F41AA8</string>
					<string>62F54A4F8AC8709358EE4D1C</string>
					<string>BA13BBBC043761EE53310C1E</string>
					<string>0A0F27DFD653805116655BF9</string>
					<string>310D9D16B70196775FE63D9C</string>
					<string>4FA173DBD2C98985DD6F93C7</string>
					<string>FF7B640B93129BDA0BF8F37E</string>
					<string>3B4A38B43537215D55871CAA</string>
					<string>11E0F98167DCED5AB4FC2E0B</string>
					<string>39E1D37F3452724B61B6CABD</string>
					<string>FCC4EE93510B225E4F3C649A</string>
					<string>F69C1E195AB1F1DFA7DC82F2</string>
					<string>FBC17F647FA3D3208773B23F</string>
					<string>7C16B04A119D08A837F64182</string>
					<string>FC5AF1E1AD4115EF5C5A7786</string>
					<string>3E5C83363720D223A0EA1E72</string>
					<string>9116424F5EFDE49A03939091</string>
					<string>5D4BADF199050866DB3FB66F</string>
					<string>FE254D2B4E95074595FD5041</string>
					<string>D8DE7E3E12C648FBFDFD392F</string>
					<string>06C1066E01B3193F4FEA71A8</string>
					<string>745F6E9B7D72C17E5633ADFF</string>
					<string>BB4C18A2A4F1CA4C232AC9B7</string>
					<string>5101B64B5068340B12FF3703</string>
					<string>C0069387B8DF872A75290A83</string>
					<string>205EFFE38CDAB84A1C721740</string>
					<string>C76F9977F6518E8FC7F34DF6</string>
					<string>2C6ED5EE9C75470C2CC67C9F</string>
					<string>4B84BE00D8222E1072317E49</string>
					<string>05959DA89EBACF2C4F9C89C5</string>
					<string>EBB8AE3B0BE439EC1CCD2179</string>
				</array>
				<key>isa</key>
				<string>PBXSourcesBuildPhase</string>
				<key>runOnlyForDeploymentPostprocessing</key>
				<string>0</string>
			</dict>
			<key>E4B69B590A3A1756003C02F2</key>
			<dict>
				<key>buildActionMask</key>
				<string>2147483647</string>
				<key>files</key>
				<array>
					<string>E4328149138ABC9F0047C5CB</string>
				</array>
				<key>isa</key>
				<string>PBXFrameworksBuildPhase</string>
				<key>runOnlyForDeploymentPostprocessing</key>
				<string>0</string>
			</dict>
			<key>E4B69B5A0A3A1756003C02F2</key>
			<dict>
				<key>buildConfigurationList</key>
				<string>E4B69B5F0A3A1757003C02F2</string>
				<key>buildPhases</key>
				<array>
					<string>E4B69B580A3A1756003C02F2</string>
					<string>E4B69B590A3A1756003C02F2</string>
					<string>E4B6FFFD0C3F9AB9008CF71C</string>
					<string>E4C2427710CC5ABF004149E2</string>
					<string>8466F1851C04CA0E00918B1C</string>
				</array>
				<key>buildRules</key>
				<array />
				<key>dependencies</key>
				<array>
					<string>E4EEB9AC138B136A00A80321</string>
				</array>
				<key>isa</key>
				<string>PBXNativeTarget</string>
				<key>name</key>
				<string>Example_Widgets</string>
				<key>productName</key>
				<string>myOFApp</string>
				<key>productReference</key>
				<string>E4B69B5B0A3A1756003C02F2</string>
				<key>productType</key>
				<string>com.apple.product-type.application</string>
			</dict>
			<key>E4B69B5B0A3A1756003C02F2</key>
			<dict>
				<key>explicitFileType</key>
				<string>wrapper.application</string>
				<key>includeInIndex</key>
				<string>0</string>
				<key>isa</key>
				<string>PBXFileReference</string>
				<key>path</key>
				<string>Example_WidgetsDebug.app</string>
				<key>sourceTree</key>
				<string>BUILT_PRODUCTS_DIR</string>
			</dict>
			<key>E4B69B5F0A3A1757003C02F2</key>
			<dict>
				<key>buildConfigurations</key>
				<array>
					<string>E4B69B600A3A1757003C02F2</string>
					<string>E4B69B610A3A1757003C02F2</string>
				</array>
				<key>defaultConfigurationIsVisible</key>
				<string>0</string>
				<key>defaultConfigurationName</key>
				<string>Release</string>
				<key>isa</key>
				<string>XCConfigurationList</string>
			</dict>
			<key>E4B69B600A3A1757003C02F2</key>
			<dict>
				<key>baseConfigurationReference</key>
				<string>E4EB6923138AFD0F00A09F29</string>
				<key>buildSettings</key>
				<dict>
					<key>HEADER_SEARCH_PATHS</key>
					<array>
						<string>$(OF_CORE_HEADERS)</string>
						<string>src</string>
						<string>../../../addons/ofxAssets/src</string>
						<string>../../../addons/ofxCvGui/src</string>
						<string>../../../addons/ofxCvGui/src/ofxCvGui</string>
						<string>../../../addons/ofxCvGui/src/ofxCvGui/Panels</string>
						<string>../../../addons/ofxCvGui/src/ofxCvGui/Panels/Groups</string>
						<string>../../../addons/ofxCvGui/src/ofxCvGui/Utils</string>
						<string>../../../addons/ofxCvGui/src/ofxCvGui/Widgets</string>
						<string>../../../addons/ofxGrabCam/src</string>
						<string>../../../addons/ofxLiquidEvent/src</string>
						<string>../../../addons/ofxSingleton/src</string>
						<string>../../../addons/ofxSingleton/src/ofxSingleton</string>
					</array>
					<key>COMBINE_HIDPI_IMAGES</key>
					<string>YES</string>
					<key>COPY_PHASE_STRIP</key>
					<string>NO</string>
					<key>FRAMEWORK_SEARCH_PATHS</key>
					<array>
						<string>$(inherited)</string>
						<string>$(FRAMEWORK_SEARCH_PATHS_QUOTED_FOR_TARGET_1)</string>
					</array>
					<key>FRAMEWORK_SEARCH_PATHS_QUOTED_FOR_TARGET_1</key>
					<string>"$(SRCROOT)/../../../libs/glut/lib/osx"</string>
					<key>GCC_DYNAMIC_NO_PIC</key>
					<string>NO</string>
					<key>GCC_GENERATE_DEBUGGING_SYMBOLS</key>
					<string>YES</string>
					<key>GCC_MODEL_TUNING</key>
					<string>NONE</string>
					<key>ICON</key>
					<string>$(ICON_NAME_DEBUG)</string>
					<key>ICON_FILE</key>
					<string>$(ICON_FILE_PATH)$(ICON)</string>
					<key>INFOPLIST_FILE</key>
					<string>openFrameworks-Info.plist</string>
					<key>INSTALL_PATH</key>
					<string>/Applications</string>
					<key>LIBRARY_SEARCH_PATHS</key>
					<string>$(inherited)</string>
					<key>PRODUCT_NAME</key>
					<string>$(TARGET_NAME)Debug</string>
					<key>WRAPPER_EXTENSION</key>
					<string>app</string>
				</dict>
				<key>isa</key>
				<string>XCBuildConfiguration</string>
				<key>name</key>
				<string>Debug</string>
			</dict>
			<key>E4B69B610A3A1757003C02F2</key>
			<dict>
				<key>baseConfigurationReference</key>
				<string>E4EB6923138AFD0F00A09F29</string>
				<key>buildSettings</key>
				<dict>
					<key>HEADER_SEARCH_PATHS</key>
					<array>
						<string>$(OF_CORE_HEADERS)</string>
						<string>src</string>
						<string>../../../addons/ofxAssets/src</string>
						<string>../../../addons/ofxCvGui/src</string>
						<string>../../../addons/ofxCvGui/src/ofxCvGui</string>
						<string>../../../addons/ofxCvGui/src/ofxCvGui/Panels</string>
						<string>../../../addons/ofxCvGui/src/ofxCvGui/Panels/Groups</string>
						<string>../../../addons/ofxCvGui/src/ofxCvGui/Utils</string>
						<string>../../../addons/ofxCvGui/src/ofxCvGui/Widgets</string>
						<string>../../../addons/ofxGrabCam/src</string>
						<string>../../../addons/ofxLiquidEvent/src</string>
						<string>../../../addons/ofxSingleton/src</string>
						<string>../../../addons/ofxSingleton/src/ofxSingleton</string>
					</array>
					<key>COMBINE_HIDPI_IMAGES</key>
					<string>YES</string>
					<key>COPY_PHASE_STRIP</key>
					<string>YES</string>
					<key>FRAMEWORK_SEARCH_PATHS</key>
					<array>
						<string>$(inherited)</string>
						<string>$(FRAMEWORK_SEARCH_PATHS_QUOTED_FOR_TARGET_1)</string>
					</array>
					<key>FRAMEWORK_SEARCH_PATHS_QUOTED_FOR_TARGET_1</key>
					<string>"$(SRCROOT)/../../../libs/glut/lib/osx"</string>
					<key>GCC_GENERATE_DEBUGGING_SYMBOLS</key>
					<string>YES</string>
					<key>GCC_MODEL_TUNING</key>
					<string>NONE</string>
					<key>ICON</key>
					<string>$(ICON_NAME_RELEASE)</string>
					<key>ICON_FILE</key>
					<string>$(ICON_FILE_PATH)$(ICON)</string>
					<key>INFOPLIST_FILE</key>
					<string>openFrameworks-Info.plist</string>
					<key>INSTALL_PATH</key>
					<string>/Applications</string>
					<key>LIBRARY_SEARCH_PATHS</key>
					<string>$(inherited)</string>
					<key>PRODUCT_NAME</key>
					<string>$(TARGET_NAME)</string>
					<key>WRAPPER_EXTENSION</key>
					<string>app</string>
					<key>baseConfigurationReference</key>
					<string>E4EB6923138AFD0F00A09F29</string>
				</dict>
				<key>isa</key>
				<string>XCBuildConfiguration</string>
				<key>name</key>
				<string>Release</string>
			</dict>
			<key>E4B69E1C0A3A1BDC003C02F2</key>
			<dict>
				<key>children</key>
				<array>
					<string>E4B69E1D0A3A1BDC003C02F2</string>
					<string>E4B69E1E0A3A1BDC003C02F2</string>
					<string>E4B69E1F0A3A1BDC003C02F2</string>
				</array>
				<key>isa</key>
				<string>PBXGroup</string>
				<key>path</key>
				<string>src</string>
				<key>sourceTree</key>
				<string>SOURCE_ROOT</string>
			</dict>
			<key>E4B69E1D0A3A1BDC003C02F2</key>
			<dict>
				<key>fileEncoding</key>
				<string>30</string>
				<key>isa</key>
				<string>PBXFileReference</string>
				<key>lastKnownFileType</key>
				<string>sourcecode.cpp.cpp</string>
				<key>name</key>
				<string>main.cpp</string>
				<key>path</key>
				<string>src/main.cpp</string>
				<key>sourceTree</key>
				<string>SOURCE_ROOT</string>
			</dict>
			<key>E4B69E1E0A3A1BDC003C02F2</key>
			<dict>
				<key>explicitFileType</key>
				<string>sourcecode.cpp.cpp</string>
				<key>fileEncoding</key>
				<string>30</string>
				<key>isa</key>
				<string>PBXFileReference</string>
				<key>name</key>
				<string>ofApp.cpp</string>
				<key>path</key>
				<string>src/ofApp.cpp</string>
				<key>sourceTree</key>
				<string>SOURCE_ROOT</string>
			</dict>
			<key>E4B69E1F0A3A1BDC003C02F2</key>
			<dict>
				<key>fileEncoding</key>
				<string>30</string>
				<key>isa</key>
				<string>PBXFileReference</string>
				<key>lastKnownFileType</key>
				<string>sourcecode.c.h</string>
				<key>name</key>
				<string>ofApp.h</string>
				<key>path</key>
				<string>src/ofApp.h</string>
				<key>sourceTree</key>
				<string>SOURCE_ROOT</string>
			</dict>
			<key>E4B69E200A3A1BDC003C02F2</key>
			<dict>
				<key>fileRef</key>
				<string>E4B69E1D0A3A1BDC003C02F2</string>
				<key>isa</key>
				<string>PBXBuildFile</string>
			</dict>
			<key>E4B69E210A3A1BDC003C02F2</key>
			<dict>
				<key>fileRef</key>
				<string>E4B69E1E0A3A1BDC003C02F2</string>
				<key>isa</key>
				<string>PBXBuildFile</string>
			</dict>
			<key>E4B6FCAD0C3E899E008CF71C</key>
			<dict>
				<key>fileEncoding</key>
				<string>30</string>
				<key>isa</key>
				<string>PBXFileReference</string>
				<key>lastKnownFileType</key>
				<string>text.plist.xml</string>
				<key>path</key>
				<string>openFrameworks-Info.plist</string>
				<key>sourceTree</key>
				<string>&lt;group&gt;</string>
			</dict>
			<key>E4B6FFFD0C3F9AB9008CF71C</key>
			<dict>
				<key>buildActionMask</key>
				<string>2147483647</string>
				<key>files</key>
				<array />
				<key>inputPaths</key>
				<array />
				<key>isa</key>
				<string>PBXShellScriptBuildPhase</string>
				<key>outputPaths</key>
				<array />
				<key>runOnlyForDeploymentPostprocessing</key>
				<string>0</string>
				<key>shellPath</key>
				<string>/bin/sh</string>
				<key>shellScript</key>
				<string>mkdir -p "$TARGET_BUILD_DIR/$PRODUCT_NAME.app/Contents/Resources/"
# Copy default icon file into App/Resources
rsync -aved "$ICON_FILE" "$TARGET_BUILD_DIR/$PRODUCT_NAME.app/Contents/Resources/"
# Copy bin/data into App/Resources
rsync -avz --exclude='.DS_Store' "${SRCROOT}/bin/data/" "${TARGET_BUILD_DIR}/${UNLOCALIZED_RESOURCES_FOLDER_PATH}/data/"
# Copy libfmod and change install directory for fmod to run
rsync -aved ../../../libs/fmodex/lib/osx/libfmodex.dylib "$TARGET_BUILD_DIR/$PRODUCT_NAME.app/Contents/Frameworks/";
install_name_tool -change @executable_path/libfmodex.dylib @executable_path/../Frameworks/libfmodex.dylib "$TARGET_BUILD_DIR/$PRODUCT_NAME.app/Contents/MacOS/$PRODUCT_NAME";
# Copy GLUT framework (must remove for AppStore submissions)
rsync -aved ../../../libs/glut/lib/osx/GLUT.framework "$TARGET_BUILD_DIR/$PRODUCT_NAME.app/Contents/Frameworks/"
</string>
			</dict>
			<key>E4C2427710CC5ABF004149E2</key>
			<dict>
				<key>buildActionMask</key>
				<string>2147483647</string>
				<key>dstPath</key>
				<string />
				<key>dstSubfolderSpec</key>
				<string>10</string>
				<key>files</key>
				<array />
				<key>isa</key>
				<string>PBXCopyFilesBuildPhase</string>
				<key>runOnlyForDeploymentPostprocessing</key>
				<string>0</string>
			</dict>
			<key>E4EB691F138AFCF100A09F29</key>
			<dict>
				<key>fileEncoding</key>
				<string>4</string>
				<key>isa</key>
				<string>PBXFileReference</string>
				<key>lastKnownFileType</key>
				<string>text.xcconfig</string>
				<key>name</key>
				<string>CoreOF.xcconfig</string>
				<key>path</key>
				<string>../../../libs/openFrameworksCompiled/project/osx/CoreOF.xcconfig</string>
				<key>sourceTree</key>
				<string>SOURCE_ROOT</string>
			</dict>
			<key>E4EB6923138AFD0F00A09F29</key>
			<dict>
				<key>fileEncoding</key>
				<string>4</string>
				<key>isa</key>
				<string>PBXFileReference</string>
				<key>lastKnownFileType</key>
				<string>text.xcconfig</string>
				<key>path</key>
				<string>Project.xcconfig</string>
				<key>sourceTree</key>
				<string>&lt;group&gt;</string>
			</dict>
			<key>E4EEB9AB138B136A00A80321</key>
			<dict>
				<key>containerPortal</key>
				<string>E4328143138ABC890047C5CB</string>
				<key>isa</key>
				<string>PBXContainerItemProxy</string>
				<key>proxyType</key>
				<string>1</string>
				<key>remoteGlobalIDString</key>
				<string>E4B27C1410CBEB8E00536013</string>
				<key>remoteInfo</key>
				<string>openFrameworks</string>
			</dict>
			<key>E4EEB9AC138B136A00A80321</key>
			<dict>
				<key>isa</key>
				<string>PBXTargetDependency</string>
				<key>name</key>
				<string>openFrameworks</string>
				<key>targetProxy</key>
				<string>E4EEB9AB138B136A00A80321</string>
			</dict>
			<key>E4EEC9E9138DF44700A80321</key>
			<dict>
				<key>children</key>
				<array>
					<string>E4EB691F138AFCF100A09F29</string>
					<string>E4328143138ABC890047C5CB</string>
				</array>
				<key>isa</key>
				<string>PBXGroup</string>
				<key>name</key>
				<string>openFrameworks</string>
				<key>sourceTree</key>
				<string>&lt;group&gt;</string>
			</dict>
		</dict>
		<key>rootObject</key>
		<string>E4B69B4C0A3A1720003C02F2</string>
	</dict>
</plist>
